// !$*UTF8*$!
{
	archiveVersion = 1;
	classes = {
	};
	objectVersion = 55;
	objects = {

/* Begin PBXBuildFile section */
		2FF7AE4D2773B1C00043ECC1 /* TornAsstApp.swift in Sources */ = {isa = PBXBuildFile; fileRef = 2FF7AE4C2773B1C00043ECC1 /* TornAsstApp.swift */; };
		2FF7AE4F2773B1C00043ECC1 /* ContentView.swift in Sources */ = {isa = PBXBuildFile; fileRef = 2FF7AE4E2773B1C00043ECC1 /* ContentView.swift */; };
		2FF7AE542773B1C10043ECC1 /* Preview Assets.xcassets in Resources */ = {isa = PBXBuildFile; fileRef = 2FF7AE532773B1C10043ECC1 /* Preview Assets.xcassets */; };
		2FF7AE7C2773C1B20043ECC1 /* Model.xcdatamodeld in Sources */ = {isa = PBXBuildFile; fileRef = 2FF7AE7A2773C1B20043ECC1 /* Model.xcdatamodeld */; };
		2FF7AE84277446D60043ECC1 /* DataController.swift in Sources */ = {isa = PBXBuildFile; fileRef = 2FF7AE83277446D60043ECC1 /* DataController.swift */; };
		2FF7AE8627744F7C0043ECC1 /* Player-CoreDataHelpers.swift in Sources */ = {isa = PBXBuildFile; fileRef = 2FF7AE8527744F7C0043ECC1 /* Player-CoreDataHelpers.swift */; };
		2FF7AE88277450470043ECC1 /* Bar-CoreDataHelpers.swift in Sources */ = {isa = PBXBuildFile; fileRef = 2FF7AE87277450200043ECC1 /* Bar-CoreDataHelpers.swift */; };
		2FF7AE8A277450D70043ECC1 /* Bar-Examples.swift in Sources */ = {isa = PBXBuildFile; fileRef = 2FF7AE89277450D70043ECC1 /* Bar-Examples.swift */; };
		2FF7AE8C277450FD0043ECC1 /* Date-Extension.swift in Sources */ = {isa = PBXBuildFile; fileRef = 2FF7AE8B277450FD0043ECC1 /* Date-Extension.swift */; };
		2FF7AE8F277451A30043ECC1 /* Calendar-Extension.swift in Sources */ = {isa = PBXBuildFile; fileRef = 2FF7AE8E277451A30043ECC1 /* Calendar-Extension.swift */; };
		2FF7AE97277452130043ECC1 /* TravelJSON.swift in Sources */ = {isa = PBXBuildFile; fileRef = 2FF7AE91277452130043ECC1 /* TravelJSON.swift */; };
		2FF7AE98277452130043ECC1 /* TravelSection.swift in Sources */ = {isa = PBXBuildFile; fileRef = 2FF7AE92277452130043ECC1 /* TravelSection.swift */; };
		2FF7AE99277452130043ECC1 /* TravelNotificationsView.swift in Sources */ = {isa = PBXBuildFile; fileRef = 2FF7AE93277452130043ECC1 /* TravelNotificationsView.swift */; };
		2FF7AE9A277452130043ECC1 /* TravelSummaryView.swift in Sources */ = {isa = PBXBuildFile; fileRef = 2FF7AE94277452130043ECC1 /* TravelSummaryView.swift */; };
		2FF7AE9B277452130043ECC1 /* TravelView.swift in Sources */ = {isa = PBXBuildFile; fileRef = 2FF7AE95277452130043ECC1 /* TravelView.swift */; };
		2FF7AE9C277452130043ECC1 /* TravelControls.swift in Sources */ = {isa = PBXBuildFile; fileRef = 2FF7AE96277452130043ECC1 /* TravelControls.swift */; };
		2FF7AE9E2774523F0043ECC1 /* BigSectionBarView.swift in Sources */ = {isa = PBXBuildFile; fileRef = 2FF7AE9D2774523F0043ECC1 /* BigSectionBarView.swift */; };
		2FF7AEA9277452BD0043ECC1 /* NerveSection.swift in Sources */ = {isa = PBXBuildFile; fileRef = 2FF7AEA3277452BD0043ECC1 /* NerveSection.swift */; };
		2FF7AEAA277452BD0043ECC1 /* NerveControls.swift in Sources */ = {isa = PBXBuildFile; fileRef = 2FF7AEA4277452BD0043ECC1 /* NerveControls.swift */; };
		2FF7AEAB277452BD0043ECC1 /* BarResultREMOVE.swift in Sources */ = {isa = PBXBuildFile; fileRef = 2FF7AEA5277452BD0043ECC1 /* BarResultREMOVE.swift */; };
		2FF7AEAC277452BD0043ECC1 /* EnergyControls.swift in Sources */ = {isa = PBXBuildFile; fileRef = 2FF7AEA6277452BD0043ECC1 /* EnergyControls.swift */; };
		2FF7AEAD277452BD0043ECC1 /* NotifyOptionRowStepper.swift in Sources */ = {isa = PBXBuildFile; fileRef = 2FF7AEA7277452BD0043ECC1 /* NotifyOptionRowStepper.swift */; };
		2FF7AEAE277452BD0043ECC1 /* BarsJSON.swift in Sources */ = {isa = PBXBuildFile; fileRef = 2FF7AEA8277452BD0043ECC1 /* BarsJSON.swift */; };
		2FF7AEB0277452E50043ECC1 /* Flight.swift in Sources */ = {isa = PBXBuildFile; fileRef = 2FF7AEAF277452E50043ECC1 /* Flight.swift */; };
		2FF7AEB2277453080043ECC1 /* Location.swift in Sources */ = {isa = PBXBuildFile; fileRef = 2FF7AEB1277453080043ECC1 /* Location.swift */; };
		2FF7AEB4277453280043ECC1 /* MatchedAPI-Protocols.swift in Sources */ = {isa = PBXBuildFile; fileRef = 2FF7AEB3277453280043ECC1 /* MatchedAPI-Protocols.swift */; };
		2FF7AEB9277453480043ECC1 /* PeriodicTaskToggleView.swift in Sources */ = {isa = PBXBuildFile; fileRef = 2FF7AEB6277453480043ECC1 /* PeriodicTaskToggleView.swift */; };
		2FF7AEBA277453480043ECC1 /* PeriodicSectionView.swift in Sources */ = {isa = PBXBuildFile; fileRef = 2FF7AEB7277453480043ECC1 /* PeriodicSectionView.swift */; };
		2FF7AEBB277453480043ECC1 /* PeriodicTaskRowView.swift in Sources */ = {isa = PBXBuildFile; fileRef = 2FF7AEB8277453480043ECC1 /* PeriodicTaskRowView.swift */; };
		2FF7AEBD2774535C0043ECC1 /* Sequence-Sorting.swift in Sources */ = {isa = PBXBuildFile; fileRef = 2FF7AEBC2774535C0043ECC1 /* Sequence-Sorting.swift */; };
		2FF7AEBF2774536A0043ECC1 /* DateFormatter-Extension.swift in Sources */ = {isa = PBXBuildFile; fileRef = 2FF7AEBE2774536A0043ECC1 /* DateFormatter-Extension.swift */; };
		2FF7AEC3277453C50043ECC1 /* BoosterView.swift in Sources */ = {isa = PBXBuildFile; fileRef = 2FF7AEC1277453C50043ECC1 /* BoosterView.swift */; };
		2FF7AEC4277453C50043ECC1 /* DrugView.swift in Sources */ = {isa = PBXBuildFile; fileRef = 2FF7AEC2277453C50043ECC1 /* DrugView.swift */; };
		2FF7AEC6277454210043ECC1 /* Travel-CoreDataHelpers.swift in Sources */ = {isa = PBXBuildFile; fileRef = 2FF7AEC5277454210043ECC1 /* Travel-CoreDataHelpers.swift */; };
		2FF7AEC82774545B0043ECC1 /* MedicalView.swift in Sources */ = {isa = PBXBuildFile; fileRef = 2FF7AEC72774545B0043ECC1 /* MedicalView.swift */; };
		2FF7AECA2774548E0043ECC1 /* Reminder-CoreDataHelpers.swift in Sources */ = {isa = PBXBuildFile; fileRef = 2FF7AEC92774548E0043ECC1 /* Reminder-CoreDataHelpers.swift */; };
		2FF7AECC277455880043ECC1 /* Time-Typealiases.swift in Sources */ = {isa = PBXBuildFile; fileRef = 2FF7AECB277455880043ECC1 /* Time-Typealiases.swift */; };
		2FF7AECE277455B90043ECC1 /* Player-ReminderHelpers.swift in Sources */ = {isa = PBXBuildFile; fileRef = 2FF7AECD277455B90043ECC1 /* Player-ReminderHelpers.swift */; };
		2FF7AED3277457220043ECC1 /* ClockOffsetView.swift in Sources */ = {isa = PBXBuildFile; fileRef = 2FF7AED0277457220043ECC1 /* ClockOffsetView.swift */; };
		2FF7AED4277457220043ECC1 /* ApiPromptPage.swift in Sources */ = {isa = PBXBuildFile; fileRef = 2FF7AED1277457220043ECC1 /* ApiPromptPage.swift */; };
		2FF7AED5277457220043ECC1 /* SettingsView.swift in Sources */ = {isa = PBXBuildFile; fileRef = 2FF7AED2277457220043ECC1 /* SettingsView.swift */; };
		2FF7AED7277458C80043ECC1 /* RemindersView.swift in Sources */ = {isa = PBXBuildFile; fileRef = 2FF7AED6277458C80043ECC1 /* RemindersView.swift */; };
		2FF7AED9277459840043ECC1 /* CountdownWithLocalTime.swift in Sources */ = {isa = PBXBuildFile; fileRef = 2FF7AED8277459840043ECC1 /* CountdownWithLocalTime.swift */; };
		2FF7AEDE2774599B0043ECC1 /* DashboardView.swift in Sources */ = {isa = PBXBuildFile; fileRef = 2FF7AEDA2774599B0043ECC1 /* DashboardView.swift */; };
		2FF7AEDF2774599B0043ECC1 /* EducationView.swift in Sources */ = {isa = PBXBuildFile; fileRef = 2FF7AEDB2774599B0043ECC1 /* EducationView.swift */; };
		2FF7AEE02774599B0043ECC1 /* BankView.swift in Sources */ = {isa = PBXBuildFile; fileRef = 2FF7AEDC2774599B0043ECC1 /* BankView.swift */; };
		2FF7AEE12774599B0043ECC1 /* BasicsSection.swift in Sources */ = {isa = PBXBuildFile; fileRef = 2FF7AEDD2774599B0043ECC1 /* BasicsSection.swift */; };
		2FF7AEE3277459A60043ECC1 /* DataController-CreateDefaults.swift in Sources */ = {isa = PBXBuildFile; fileRef = 2FF7AEE2277459A60043ECC1 /* DataController-CreateDefaults.swift */; };
		2FF7AEED27745A400043ECC1 /* TimedView.swift in Sources */ = {isa = PBXBuildFile; fileRef = 2FF7AEE427745A3F0043ECC1 /* TimedView.swift */; };
		2FF7AEEE27745A400043ECC1 /* IndicatorRow.swift in Sources */ = {isa = PBXBuildFile; fileRef = 2FF7AEE527745A3F0043ECC1 /* IndicatorRow.swift */; };
		2FF7AEF027745A400043ECC1 /* SyncFooter.swift in Sources */ = {isa = PBXBuildFile; fileRef = 2FF7AEE727745A3F0043ECC1 /* SyncFooter.swift */; };
		2FF7AEF127745A400043ECC1 /* IndicatorBar.swift in Sources */ = {isa = PBXBuildFile; fileRef = 2FF7AEE827745A3F0043ECC1 /* IndicatorBar.swift */; };
		2FF7AEF227745A400043ECC1 /* Activity.swift in Sources */ = {isa = PBXBuildFile; fileRef = 2FF7AEE927745A400043ECC1 /* Activity.swift */; };
		2FF7AEF327745A400043ECC1 /* StatsREMOVE.swift in Sources */ = {isa = PBXBuildFile; fileRef = 2FF7AEEA27745A400043ECC1 /* StatsREMOVE.swift */; };
		2FF7AEF427745A400043ECC1 /* NotificationRow.swift in Sources */ = {isa = PBXBuildFile; fileRef = 2FF7AEEB27745A400043ECC1 /* NotificationRow.swift */; };
		2FF7AEF527745A400043ECC1 /* NotifyQuickActionRow.swift in Sources */ = {isa = PBXBuildFile; fileRef = 2FF7AEEC27745A400043ECC1 /* NotifyQuickActionRow.swift */; };
		2FF7AEF8277463470043ECC1 /* Assets.xcassets in Resources */ = {isa = PBXBuildFile; fileRef = 2FF7AE502773B1C10043ECC1 /* Assets.xcassets */; };
/* End PBXBuildFile section */

/* Begin PBXFileReference section */
		2FF7AE492773B1C00043ECC1 /* TornAsst.app */ = {isa = PBXFileReference; explicitFileType = wrapper.application; includeInIndex = 0; path = TornAsst.app; sourceTree = BUILT_PRODUCTS_DIR; };
		2FF7AE4C2773B1C00043ECC1 /* TornAsstApp.swift */ = {isa = PBXFileReference; lastKnownFileType = sourcecode.swift; path = TornAsstApp.swift; sourceTree = "<group>"; };
		2FF7AE4E2773B1C00043ECC1 /* ContentView.swift */ = {isa = PBXFileReference; lastKnownFileType = sourcecode.swift; path = ContentView.swift; sourceTree = "<group>"; };
		2FF7AE502773B1C10043ECC1 /* Assets.xcassets */ = {isa = PBXFileReference; lastKnownFileType = folder.assetcatalog; path = Assets.xcassets; sourceTree = "<group>"; };
		2FF7AE532773B1C10043ECC1 /* Preview Assets.xcassets */ = {isa = PBXFileReference; lastKnownFileType = folder.assetcatalog; path = "Preview Assets.xcassets"; sourceTree = "<group>"; };
		2FF7AE7B2773C1B20043ECC1 /* Model.xcdatamodel */ = {isa = PBXFileReference; lastKnownFileType = wrapper.xcdatamodel; path = Model.xcdatamodel; sourceTree = "<group>"; };
		2FF7AE83277446D60043ECC1 /* DataController.swift */ = {isa = PBXFileReference; fileEncoding = 4; lastKnownFileType = sourcecode.swift; path = DataController.swift; sourceTree = "<group>"; };
		2FF7AE8527744F7C0043ECC1 /* Player-CoreDataHelpers.swift */ = {isa = PBXFileReference; fileEncoding = 4; lastKnownFileType = sourcecode.swift; path = "Player-CoreDataHelpers.swift"; sourceTree = "<group>"; };
		2FF7AE87277450200043ECC1 /* Bar-CoreDataHelpers.swift */ = {isa = PBXFileReference; fileEncoding = 4; lastKnownFileType = sourcecode.swift; path = "Bar-CoreDataHelpers.swift"; sourceTree = "<group>"; };
		2FF7AE89277450D70043ECC1 /* Bar-Examples.swift */ = {isa = PBXFileReference; fileEncoding = 4; lastKnownFileType = sourcecode.swift; path = "Bar-Examples.swift"; sourceTree = "<group>"; };
		2FF7AE8B277450FD0043ECC1 /* Date-Extension.swift */ = {isa = PBXFileReference; fileEncoding = 4; lastKnownFileType = sourcecode.swift; path = "Date-Extension.swift"; sourceTree = "<group>"; };
		2FF7AE8E277451A30043ECC1 /* Calendar-Extension.swift */ = {isa = PBXFileReference; fileEncoding = 4; lastKnownFileType = sourcecode.swift; path = "Calendar-Extension.swift"; sourceTree = "<group>"; };
		2FF7AE91277452130043ECC1 /* TravelJSON.swift */ = {isa = PBXFileReference; fileEncoding = 4; lastKnownFileType = sourcecode.swift; path = TravelJSON.swift; sourceTree = "<group>"; };
		2FF7AE92277452130043ECC1 /* TravelSection.swift */ = {isa = PBXFileReference; fileEncoding = 4; lastKnownFileType = sourcecode.swift; path = TravelSection.swift; sourceTree = "<group>"; };
		2FF7AE93277452130043ECC1 /* TravelNotificationsView.swift */ = {isa = PBXFileReference; fileEncoding = 4; lastKnownFileType = sourcecode.swift; path = TravelNotificationsView.swift; sourceTree = "<group>"; };
		2FF7AE94277452130043ECC1 /* TravelSummaryView.swift */ = {isa = PBXFileReference; fileEncoding = 4; lastKnownFileType = sourcecode.swift; path = TravelSummaryView.swift; sourceTree = "<group>"; };
		2FF7AE95277452130043ECC1 /* TravelView.swift */ = {isa = PBXFileReference; fileEncoding = 4; lastKnownFileType = sourcecode.swift; path = TravelView.swift; sourceTree = "<group>"; };
		2FF7AE96277452130043ECC1 /* TravelControls.swift */ = {isa = PBXFileReference; fileEncoding = 4; lastKnownFileType = sourcecode.swift; path = TravelControls.swift; sourceTree = "<group>"; };
		2FF7AE9D2774523F0043ECC1 /* BigSectionBarView.swift */ = {isa = PBXFileReference; fileEncoding = 4; lastKnownFileType = sourcecode.swift; path = BigSectionBarView.swift; sourceTree = "<group>"; };
		2FF7AEA3277452BD0043ECC1 /* NerveSection.swift */ = {isa = PBXFileReference; fileEncoding = 4; lastKnownFileType = sourcecode.swift; path = NerveSection.swift; sourceTree = "<group>"; };
		2FF7AEA4277452BD0043ECC1 /* NerveControls.swift */ = {isa = PBXFileReference; fileEncoding = 4; lastKnownFileType = sourcecode.swift; path = NerveControls.swift; sourceTree = "<group>"; };
		2FF7AEA5277452BD0043ECC1 /* BarResultREMOVE.swift */ = {isa = PBXFileReference; fileEncoding = 4; lastKnownFileType = sourcecode.swift; path = BarResultREMOVE.swift; sourceTree = "<group>"; };
		2FF7AEA6277452BD0043ECC1 /* EnergyControls.swift */ = {isa = PBXFileReference; fileEncoding = 4; lastKnownFileType = sourcecode.swift; path = EnergyControls.swift; sourceTree = "<group>"; };
		2FF7AEA7277452BD0043ECC1 /* NotifyOptionRowStepper.swift */ = {isa = PBXFileReference; fileEncoding = 4; lastKnownFileType = sourcecode.swift; path = NotifyOptionRowStepper.swift; sourceTree = "<group>"; };
		2FF7AEA8277452BD0043ECC1 /* BarsJSON.swift */ = {isa = PBXFileReference; fileEncoding = 4; lastKnownFileType = sourcecode.swift; path = BarsJSON.swift; sourceTree = "<group>"; };
		2FF7AEAF277452E50043ECC1 /* Flight.swift */ = {isa = PBXFileReference; fileEncoding = 4; lastKnownFileType = sourcecode.swift; path = Flight.swift; sourceTree = "<group>"; };
		2FF7AEB1277453080043ECC1 /* Location.swift */ = {isa = PBXFileReference; fileEncoding = 4; lastKnownFileType = sourcecode.swift; path = Location.swift; sourceTree = "<group>"; };
		2FF7AEB3277453280043ECC1 /* MatchedAPI-Protocols.swift */ = {isa = PBXFileReference; fileEncoding = 4; lastKnownFileType = sourcecode.swift; path = "MatchedAPI-Protocols.swift"; sourceTree = "<group>"; };
		2FF7AEB6277453480043ECC1 /* PeriodicTaskToggleView.swift */ = {isa = PBXFileReference; fileEncoding = 4; lastKnownFileType = sourcecode.swift; path = PeriodicTaskToggleView.swift; sourceTree = "<group>"; };
		2FF7AEB7277453480043ECC1 /* PeriodicSectionView.swift */ = {isa = PBXFileReference; fileEncoding = 4; lastKnownFileType = sourcecode.swift; path = PeriodicSectionView.swift; sourceTree = "<group>"; };
		2FF7AEB8277453480043ECC1 /* PeriodicTaskRowView.swift */ = {isa = PBXFileReference; fileEncoding = 4; lastKnownFileType = sourcecode.swift; path = PeriodicTaskRowView.swift; sourceTree = "<group>"; };
		2FF7AEBC2774535C0043ECC1 /* Sequence-Sorting.swift */ = {isa = PBXFileReference; fileEncoding = 4; lastKnownFileType = sourcecode.swift; path = "Sequence-Sorting.swift"; sourceTree = "<group>"; };
		2FF7AEBE2774536A0043ECC1 /* DateFormatter-Extension.swift */ = {isa = PBXFileReference; fileEncoding = 4; lastKnownFileType = sourcecode.swift; path = "DateFormatter-Extension.swift"; sourceTree = "<group>"; };
		2FF7AEC1277453C50043ECC1 /* BoosterView.swift */ = {isa = PBXFileReference; fileEncoding = 4; lastKnownFileType = sourcecode.swift; path = BoosterView.swift; sourceTree = "<group>"; };
		2FF7AEC2277453C50043ECC1 /* DrugView.swift */ = {isa = PBXFileReference; fileEncoding = 4; lastKnownFileType = sourcecode.swift; path = DrugView.swift; sourceTree = "<group>"; };
		2FF7AEC5277454210043ECC1 /* Travel-CoreDataHelpers.swift */ = {isa = PBXFileReference; fileEncoding = 4; lastKnownFileType = sourcecode.swift; path = "Travel-CoreDataHelpers.swift"; sourceTree = "<group>"; };
		2FF7AEC72774545B0043ECC1 /* MedicalView.swift */ = {isa = PBXFileReference; fileEncoding = 4; lastKnownFileType = sourcecode.swift; path = MedicalView.swift; sourceTree = "<group>"; };
		2FF7AEC92774548E0043ECC1 /* Reminder-CoreDataHelpers.swift */ = {isa = PBXFileReference; fileEncoding = 4; lastKnownFileType = sourcecode.swift; path = "Reminder-CoreDataHelpers.swift"; sourceTree = "<group>"; };
		2FF7AECB277455880043ECC1 /* Time-Typealiases.swift */ = {isa = PBXFileReference; lastKnownFileType = sourcecode.swift; path = "Time-Typealiases.swift"; sourceTree = "<group>"; };
		2FF7AECD277455B90043ECC1 /* Player-ReminderHelpers.swift */ = {isa = PBXFileReference; fileEncoding = 4; lastKnownFileType = sourcecode.swift; path = "Player-ReminderHelpers.swift"; sourceTree = "<group>"; };
		2FF7AED0277457220043ECC1 /* ClockOffsetView.swift */ = {isa = PBXFileReference; fileEncoding = 4; lastKnownFileType = sourcecode.swift; path = ClockOffsetView.swift; sourceTree = "<group>"; };
		2FF7AED1277457220043ECC1 /* ApiPromptPage.swift */ = {isa = PBXFileReference; fileEncoding = 4; lastKnownFileType = sourcecode.swift; path = ApiPromptPage.swift; sourceTree = "<group>"; };
		2FF7AED2277457220043ECC1 /* SettingsView.swift */ = {isa = PBXFileReference; fileEncoding = 4; lastKnownFileType = sourcecode.swift; path = SettingsView.swift; sourceTree = "<group>"; };
		2FF7AED6277458C80043ECC1 /* RemindersView.swift */ = {isa = PBXFileReference; fileEncoding = 4; lastKnownFileType = sourcecode.swift; path = RemindersView.swift; sourceTree = "<group>"; };
		2FF7AED8277459840043ECC1 /* CountdownWithLocalTime.swift */ = {isa = PBXFileReference; fileEncoding = 4; lastKnownFileType = sourcecode.swift; path = CountdownWithLocalTime.swift; sourceTree = "<group>"; };
		2FF7AEDA2774599B0043ECC1 /* DashboardView.swift */ = {isa = PBXFileReference; fileEncoding = 4; lastKnownFileType = sourcecode.swift; path = DashboardView.swift; sourceTree = "<group>"; };
		2FF7AEDB2774599B0043ECC1 /* EducationView.swift */ = {isa = PBXFileReference; fileEncoding = 4; lastKnownFileType = sourcecode.swift; path = EducationView.swift; sourceTree = "<group>"; };
		2FF7AEDC2774599B0043ECC1 /* BankView.swift */ = {isa = PBXFileReference; fileEncoding = 4; lastKnownFileType = sourcecode.swift; path = BankView.swift; sourceTree = "<group>"; };
		2FF7AEDD2774599B0043ECC1 /* BasicsSection.swift */ = {isa = PBXFileReference; fileEncoding = 4; lastKnownFileType = sourcecode.swift; path = BasicsSection.swift; sourceTree = "<group>"; };
		2FF7AEE2277459A60043ECC1 /* DataController-CreateDefaults.swift */ = {isa = PBXFileReference; fileEncoding = 4; lastKnownFileType = sourcecode.swift; path = "DataController-CreateDefaults.swift"; sourceTree = "<group>"; };
		2FF7AEE427745A3F0043ECC1 /* TimedView.swift */ = {isa = PBXFileReference; fileEncoding = 4; lastKnownFileType = sourcecode.swift; path = TimedView.swift; sourceTree = "<group>"; };
		2FF7AEE527745A3F0043ECC1 /* IndicatorRow.swift */ = {isa = PBXFileReference; fileEncoding = 4; lastKnownFileType = sourcecode.swift; path = IndicatorRow.swift; sourceTree = "<group>"; };
		2FF7AEE727745A3F0043ECC1 /* SyncFooter.swift */ = {isa = PBXFileReference; fileEncoding = 4; lastKnownFileType = sourcecode.swift; path = SyncFooter.swift; sourceTree = "<group>"; };
		2FF7AEE827745A3F0043ECC1 /* IndicatorBar.swift */ = {isa = PBXFileReference; fileEncoding = 4; lastKnownFileType = sourcecode.swift; path = IndicatorBar.swift; sourceTree = "<group>"; };
		2FF7AEE927745A400043ECC1 /* Activity.swift */ = {isa = PBXFileReference; fileEncoding = 4; lastKnownFileType = sourcecode.swift; path = Activity.swift; sourceTree = "<group>"; };
		2FF7AEEA27745A400043ECC1 /* StatsREMOVE.swift */ = {isa = PBXFileReference; fileEncoding = 4; lastKnownFileType = sourcecode.swift; path = StatsREMOVE.swift; sourceTree = "<group>"; };
		2FF7AEEB27745A400043ECC1 /* NotificationRow.swift */ = {isa = PBXFileReference; fileEncoding = 4; lastKnownFileType = sourcecode.swift; path = NotificationRow.swift; sourceTree = "<group>"; };
		2FF7AEEC27745A400043ECC1 /* NotifyQuickActionRow.swift */ = {isa = PBXFileReference; fileEncoding = 4; lastKnownFileType = sourcecode.swift; path = NotifyQuickActionRow.swift; sourceTree = "<group>"; };
		2FF7AEF72774629D0043ECC1 /* Info.plist */ = {isa = PBXFileReference; lastKnownFileType = text.plist; path = Info.plist; sourceTree = "<group>"; };
/* End PBXFileReference section */

/* Begin PBXFrameworksBuildPhase section */
		2FF7AE462773B1C00043ECC1 /* Frameworks */ = {
			isa = PBXFrameworksBuildPhase;
			buildActionMask = 2147483647;
			files = (
			);
			runOnlyForDeploymentPostprocessing = 0;
		};
/* End PBXFrameworksBuildPhase section */

/* Begin PBXGroup section */
		2FF7AE402773B1C00043ECC1 = {
			isa = PBXGroup;
			children = (
				2FF7AE4B2773B1C00043ECC1 /* TornAsst */,
				2FF7AE4A2773B1C00043ECC1 /* Products */,
			);
			sourceTree = "<group>";
		};
		2FF7AE4A2773B1C00043ECC1 /* Products */ = {
			isa = PBXGroup;
			children = (
				2FF7AE492773B1C00043ECC1 /* TornAsst.app */,
			);
			name = Products;
			sourceTree = "<group>";
		};
		2FF7AE4B2773B1C00043ECC1 /* TornAsst */ = {
			isa = PBXGroup;
			children = (
				2FF7AEF72774629D0043ECC1 /* Info.plist */,
				2FF7AE4C2773B1C00043ECC1 /* TornAsstApp.swift */,
				2FF7AE4E2773B1C00043ECC1 /* ContentView.swift */,
				2FF7AE83277446D60043ECC1 /* DataController.swift */,
				2FF7AEE2277459A60043ECC1 /* DataController-CreateDefaults.swift */,
				2FF7AE7E277446330043ECC1 /* Activities */,
				2FF7AE8D277451060043ECC1 /* Extensions */,
				2FF7AE9D2774523F0043ECC1 /* BigSectionBarView.swift */,
				2FF7AEA7277452BD0043ECC1 /* NotifyOptionRowStepper.swift */,
				2FF7AED8277459840043ECC1 /* CountdownWithLocalTime.swift */,
				2FF7AEE927745A400043ECC1 /* Activity.swift */,
				2FF7AEE827745A3F0043ECC1 /* IndicatorBar.swift */,
				2FF7AEE527745A3F0043ECC1 /* IndicatorRow.swift */,
				2FF7AEEB27745A400043ECC1 /* NotificationRow.swift */,
				2FF7AEEC27745A400043ECC1 /* NotifyQuickActionRow.swift */,
				2FF7AEEA27745A400043ECC1 /* StatsREMOVE.swift */,
				2FF7AEE727745A3F0043ECC1 /* SyncFooter.swift */,
				2FF7AEE427745A3F0043ECC1 /* TimedView.swift */,
				2FF7AE7A2773C1B20043ECC1 /* Model.xcdatamodeld */,
				2FF7AE502773B1C10043ECC1 /* Assets.xcassets */,
				2FF7AE522773B1C10043ECC1 /* Preview Content */,
			);
			path = TornAsst;
			sourceTree = "<group>";
		};
		2FF7AE522773B1C10043ECC1 /* Preview Content */ = {
			isa = PBXGroup;
			children = (
				2FF7AE532773B1C10043ECC1 /* Preview Assets.xcassets */,
			);
			path = "Preview Content";
			sourceTree = "<group>";
		};
		2FF7AE7E277446330043ECC1 /* Activities */ = {
			isa = PBXGroup;
			children = (
				2FF7AEDC2774599B0043ECC1 /* BankView.swift */,
				2FF7AEDD2774599B0043ECC1 /* BasicsSection.swift */,
				2FF7AEDA2774599B0043ECC1 /* DashboardView.swift */,
				2FF7AEDB2774599B0043ECC1 /* EducationView.swift */,
				2FF7AE8527744F7C0043ECC1 /* Player-CoreDataHelpers.swift */,
				2FF7AECD277455B90043ECC1 /* Player-ReminderHelpers.swift */,
				2FF7AE90277451ED0043ECC1 /* Travel */,
				2FF7AE9F2774528B0043ECC1 /* Bars */,
				2FF7AEC0277453A30043ECC1 /* Cooldowns */,
				2FF7AEB52774533A0043ECC1 /* Reminders */,
				2FF7AECF277456EE0043ECC1 /* Settings */,
			);
			path = Activities;
			sourceTree = "<group>";
		};
		2FF7AE8D277451060043ECC1 /* Extensions */ = {
			isa = PBXGroup;
			children = (
				2FF7AEBE2774536A0043ECC1 /* DateFormatter-Extension.swift */,
				2FF7AEBC2774535C0043ECC1 /* Sequence-Sorting.swift */,
				2FF7AE8B277450FD0043ECC1 /* Date-Extension.swift */,
				2FF7AE8E277451A30043ECC1 /* Calendar-Extension.swift */,
				2FF7AEB3277453280043ECC1 /* MatchedAPI-Protocols.swift */,
				2FF7AECB277455880043ECC1 /* Time-Typealiases.swift */,
			);
			path = Extensions;
			sourceTree = "<group>";
		};
		2FF7AE90277451ED0043ECC1 /* Travel */ = {
			isa = PBXGroup;
			children = (
				2FF7AEAF277452E50043ECC1 /* Flight.swift */,
				2FF7AE95277452130043ECC1 /* TravelView.swift */,
				2FF7AE96277452130043ECC1 /* TravelControls.swift */,
				2FF7AE91277452130043ECC1 /* TravelJSON.swift */,
				2FF7AE93277452130043ECC1 /* TravelNotificationsView.swift */,
				2FF7AE92277452130043ECC1 /* TravelSection.swift */,
				2FF7AEC5277454210043ECC1 /* Travel-CoreDataHelpers.swift */,
				2FF7AE94277452130043ECC1 /* TravelSummaryView.swift */,
				2FF7AEB1277453080043ECC1 /* Location.swift */,
			);
			path = Travel;
			sourceTree = "<group>";
		};
		2FF7AE9F2774528B0043ECC1 /* Bars */ = {
			isa = PBXGroup;
			children = (
				2FF7AE89277450D70043ECC1 /* Bar-Examples.swift */,
				2FF7AE87277450200043ECC1 /* Bar-CoreDataHelpers.swift */,
				2FF7AEA5277452BD0043ECC1 /* BarResultREMOVE.swift */,
				2FF7AEA8277452BD0043ECC1 /* BarsJSON.swift */,
				2FF7AEA6277452BD0043ECC1 /* EnergyControls.swift */,
				2FF7AEA4277452BD0043ECC1 /* NerveControls.swift */,
				2FF7AEA3277452BD0043ECC1 /* NerveSection.swift */,
			);
			path = Bars;
			sourceTree = "<group>";
		};
		2FF7AEB52774533A0043ECC1 /* Reminders */ = {
			isa = PBXGroup;
			children = (
				2FF7AED6277458C80043ECC1 /* RemindersView.swift */,
				2FF7AEB7277453480043ECC1 /* PeriodicSectionView.swift */,
				2FF7AEB8277453480043ECC1 /* PeriodicTaskRowView.swift */,
				2FF7AEB6277453480043ECC1 /* PeriodicTaskToggleView.swift */,
				2FF7AEC92774548E0043ECC1 /* Reminder-CoreDataHelpers.swift */,
			);
			path = Reminders;
			sourceTree = "<group>";
		};
		2FF7AEC0277453A30043ECC1 /* Cooldowns */ = {
			isa = PBXGroup;
			children = (
				2FF7AEC72774545B0043ECC1 /* MedicalView.swift */,
				2FF7AEC1277453C50043ECC1 /* BoosterView.swift */,
				2FF7AEC2277453C50043ECC1 /* DrugView.swift */,
			);
			path = Cooldowns;
			sourceTree = "<group>";
		};
		2FF7AECF277456EE0043ECC1 /* Settings */ = {
			isa = PBXGroup;
			children = (
				2FF7AED2277457220043ECC1 /* SettingsView.swift */,
				2FF7AED1277457220043ECC1 /* ApiPromptPage.swift */,
				2FF7AED0277457220043ECC1 /* ClockOffsetView.swift */,
			);
			path = Settings;
			sourceTree = "<group>";
		};
/* End PBXGroup section */

/* Begin PBXNativeTarget section */
		2FF7AE482773B1C00043ECC1 /* TornAsst */ = {
			isa = PBXNativeTarget;
			buildConfigurationList = 2FF7AE572773B1C10043ECC1 /* Build configuration list for PBXNativeTarget "TornAsst" */;
			buildPhases = (
				2FF7AE5A2773B2710043ECC1 /* SwiftLint */,
				2FF7AE452773B1C00043ECC1 /* Sources */,
				2FF7AE462773B1C00043ECC1 /* Frameworks */,
				2FF7AE472773B1C00043ECC1 /* Resources */,
			);
			buildRules = (
			);
			dependencies = (
			);
			name = TornAsst;
			productName = TornAsst;
			productReference = 2FF7AE492773B1C00043ECC1 /* TornAsst.app */;
			productType = "com.apple.product-type.application";
		};
/* End PBXNativeTarget section */

/* Begin PBXProject section */
		2FF7AE412773B1C00043ECC1 /* Project object */ = {
			isa = PBXProject;
			attributes = {
				BuildIndependentTargetsInParallel = 1;
				LastSwiftUpdateCheck = 1320;
				LastUpgradeCheck = 1320;
				TargetAttributes = {
					2FF7AE482773B1C00043ECC1 = {
						CreatedOnToolsVersion = 13.2.1;
					};
				};
			};
			buildConfigurationList = 2FF7AE442773B1C00043ECC1 /* Build configuration list for PBXProject "TornAsst" */;
			compatibilityVersion = "Xcode 13.0";
			developmentRegion = en;
			hasScannedForEncodings = 0;
			knownRegions = (
				en,
				Base,
			);
			mainGroup = 2FF7AE402773B1C00043ECC1;
			productRefGroup = 2FF7AE4A2773B1C00043ECC1 /* Products */;
			projectDirPath = "";
			projectRoot = "";
			targets = (
				2FF7AE482773B1C00043ECC1 /* TornAsst */,
			);
		};
/* End PBXProject section */

/* Begin PBXResourcesBuildPhase section */
		2FF7AE472773B1C00043ECC1 /* Resources */ = {
			isa = PBXResourcesBuildPhase;
			buildActionMask = 2147483647;
			files = (
				2FF7AEF8277463470043ECC1 /* Assets.xcassets in Resources */,
				2FF7AE542773B1C10043ECC1 /* Preview Assets.xcassets in Resources */,
			);
			runOnlyForDeploymentPostprocessing = 0;
		};
/* End PBXResourcesBuildPhase section */

/* Begin PBXShellScriptBuildPhase section */
		2FF7AE5A2773B2710043ECC1 /* SwiftLint */ = {
			isa = PBXShellScriptBuildPhase;
			buildActionMask = 2147483647;
			files = (
			);
			inputFileListPaths = (
			);
			inputPaths = (
			);
			name = SwiftLint;
			outputFileListPaths = (
			);
			outputPaths = (
			);
			runOnlyForDeploymentPostprocessing = 0;
			shellPath = /bin/sh;
			shellScript = "# Type a script or drag a script file from your workspace to insert its path.\nif test -d \"/opt/homebrew/bin/\"; then\n  PATH=\"/opt/homebrew/bin/:${PATH}\"\nfi\n\nexport PATH\n\nif which swiftlint >/dev/null; then\n  swiftlint\nelse\n  echo \"warning: SwiftLint not installed, download from https://github.com/realm/SwiftLint\"\nfi\n";
		};
/* End PBXShellScriptBuildPhase section */

/* Begin PBXSourcesBuildPhase section */
		2FF7AE452773B1C00043ECC1 /* Sources */ = {
			isa = PBXSourcesBuildPhase;
			buildActionMask = 2147483647;
			files = (
				2FF7AEE12774599B0043ECC1 /* BasicsSection.swift in Sources */,
				2FF7AED7277458C80043ECC1 /* RemindersView.swift in Sources */,
				2FF7AE9A277452130043ECC1 /* TravelSummaryView.swift in Sources */,
				2FF7AEBB277453480043ECC1 /* PeriodicTaskRowView.swift in Sources */,
				2FF7AEC3277453C50043ECC1 /* BoosterView.swift in Sources */,
				2FF7AE9C277452130043ECC1 /* TravelControls.swift in Sources */,
				2FF7AEC6277454210043ECC1 /* Travel-CoreDataHelpers.swift in Sources */,
				2FF7AEE02774599B0043ECC1 /* BankView.swift in Sources */,
				2FF7AEED27745A400043ECC1 /* TimedView.swift in Sources */,
				2FF7AEF527745A400043ECC1 /* NotifyQuickActionRow.swift in Sources */,
				2FF7AE88277450470043ECC1 /* Bar-CoreDataHelpers.swift in Sources */,
				2FF7AEC82774545B0043ECC1 /* MedicalView.swift in Sources */,
				2FF7AEBD2774535C0043ECC1 /* Sequence-Sorting.swift in Sources */,
				2FF7AE9B277452130043ECC1 /* TravelView.swift in Sources */,
				2FF7AECA2774548E0043ECC1 /* Reminder-CoreDataHelpers.swift in Sources */,
				2FF7AE97277452130043ECC1 /* TravelJSON.swift in Sources */,
				2FF7AEA9277452BD0043ECC1 /* NerveSection.swift in Sources */,
				2FF7AEF227745A400043ECC1 /* Activity.swift in Sources */,
				2FF7AEBA277453480043ECC1 /* PeriodicSectionView.swift in Sources */,
				2FF7AE8627744F7C0043ECC1 /* Player-CoreDataHelpers.swift in Sources */,
				2FF7AE98277452130043ECC1 /* TravelSection.swift in Sources */,
				2FF7AE4F2773B1C00043ECC1 /* ContentView.swift in Sources */,
				2FF7AEAC277452BD0043ECC1 /* EnergyControls.swift in Sources */,
				2FF7AED9277459840043ECC1 /* CountdownWithLocalTime.swift in Sources */,
				2FF7AEB2277453080043ECC1 /* Location.swift in Sources */,
				2FF7AEEE27745A400043ECC1 /* IndicatorRow.swift in Sources */,
				2FF7AE84277446D60043ECC1 /* DataController.swift in Sources */,
				2FF7AEB9277453480043ECC1 /* PeriodicTaskToggleView.swift in Sources */,
				2FF7AE9E2774523F0043ECC1 /* BigSectionBarView.swift in Sources */,
				2FF7AEDE2774599B0043ECC1 /* DashboardView.swift in Sources */,
				2FF7AEAD277452BD0043ECC1 /* NotifyOptionRowStepper.swift in Sources */,
				2FF7AECE277455B90043ECC1 /* Player-ReminderHelpers.swift in Sources */,
				2FF7AEBF2774536A0043ECC1 /* DateFormatter-Extension.swift in Sources */,
				2FF7AEB0277452E50043ECC1 /* Flight.swift in Sources */,
				2FF7AED5277457220043ECC1 /* SettingsView.swift in Sources */,
				2FF7AE4D2773B1C00043ECC1 /* TornAsstApp.swift in Sources */,
				2FF7AEF127745A400043ECC1 /* IndicatorBar.swift in Sources */,
				2FF7AEF027745A400043ECC1 /* SyncFooter.swift in Sources */,
				2FF7AEC4277453C50043ECC1 /* DrugView.swift in Sources */,
				2FF7AE99277452130043ECC1 /* TravelNotificationsView.swift in Sources */,
				2FF7AE7C2773C1B20043ECC1 /* Model.xcdatamodeld in Sources */,
				2FF7AEAA277452BD0043ECC1 /* NerveControls.swift in Sources */,
				2FF7AE8F277451A30043ECC1 /* Calendar-Extension.swift in Sources */,
				2FF7AE8A277450D70043ECC1 /* Bar-Examples.swift in Sources */,
				2FF7AEB4277453280043ECC1 /* MatchedAPI-Protocols.swift in Sources */,
				2FF7AEF427745A400043ECC1 /* NotificationRow.swift in Sources */,
				2FF7AEDF2774599B0043ECC1 /* EducationView.swift in Sources */,
				2FF7AEAE277452BD0043ECC1 /* BarsJSON.swift in Sources */,
				2FF7AEF327745A400043ECC1 /* StatsREMOVE.swift in Sources */,
				2FF7AED3277457220043ECC1 /* ClockOffsetView.swift in Sources */,
				2FF7AEE3277459A60043ECC1 /* DataController-CreateDefaults.swift in Sources */,
				2FF7AECC277455880043ECC1 /* Time-Typealiases.swift in Sources */,
				2FF7AED4277457220043ECC1 /* ApiPromptPage.swift in Sources */,
				2FF7AE8C277450FD0043ECC1 /* Date-Extension.swift in Sources */,
				2FF7AEAB277452BD0043ECC1 /* BarResultREMOVE.swift in Sources */,
			);
			runOnlyForDeploymentPostprocessing = 0;
		};
/* End PBXSourcesBuildPhase section */

/* Begin XCBuildConfiguration section */
		2FF7AE552773B1C10043ECC1 /* Debug */ = {
			isa = XCBuildConfiguration;
			buildSettings = {
				ALWAYS_SEARCH_USER_PATHS = NO;
				CLANG_ANALYZER_NONNULL = YES;
				CLANG_ANALYZER_NUMBER_OBJECT_CONVERSION = YES_AGGRESSIVE;
				CLANG_CXX_LANGUAGE_STANDARD = "gnu++17";
				CLANG_CXX_LIBRARY = "libc++";
				CLANG_ENABLE_MODULES = YES;
				CLANG_ENABLE_OBJC_ARC = YES;
				CLANG_ENABLE_OBJC_WEAK = YES;
				CLANG_WARN_BLOCK_CAPTURE_AUTORELEASING = YES;
				CLANG_WARN_BOOL_CONVERSION = YES;
				CLANG_WARN_COMMA = YES;
				CLANG_WARN_CONSTANT_CONVERSION = YES;
				CLANG_WARN_DEPRECATED_OBJC_IMPLEMENTATIONS = YES;
				CLANG_WARN_DIRECT_OBJC_ISA_USAGE = YES_ERROR;
				CLANG_WARN_DOCUMENTATION_COMMENTS = YES;
				CLANG_WARN_EMPTY_BODY = YES;
				CLANG_WARN_ENUM_CONVERSION = YES;
				CLANG_WARN_INFINITE_RECURSION = YES;
				CLANG_WARN_INT_CONVERSION = YES;
				CLANG_WARN_NON_LITERAL_NULL_CONVERSION = YES;
				CLANG_WARN_OBJC_IMPLICIT_RETAIN_SELF = YES;
				CLANG_WARN_OBJC_LITERAL_CONVERSION = YES;
				CLANG_WARN_OBJC_ROOT_CLASS = YES_ERROR;
				CLANG_WARN_QUOTED_INCLUDE_IN_FRAMEWORK_HEADER = YES;
				CLANG_WARN_RANGE_LOOP_ANALYSIS = YES;
				CLANG_WARN_STRICT_PROTOTYPES = YES;
				CLANG_WARN_SUSPICIOUS_MOVE = YES;
				CLANG_WARN_UNGUARDED_AVAILABILITY = YES_AGGRESSIVE;
				CLANG_WARN_UNREACHABLE_CODE = YES;
				CLANG_WARN__DUPLICATE_METHOD_MATCH = YES;
				COPY_PHASE_STRIP = NO;
				DEBUG_INFORMATION_FORMAT = dwarf;
				ENABLE_STRICT_OBJC_MSGSEND = YES;
				ENABLE_TESTABILITY = YES;
				GCC_C_LANGUAGE_STANDARD = gnu11;
				GCC_DYNAMIC_NO_PIC = NO;
				GCC_NO_COMMON_BLOCKS = YES;
				GCC_OPTIMIZATION_LEVEL = 0;
				GCC_PREPROCESSOR_DEFINITIONS = (
					"DEBUG=1",
					"$(inherited)",
				);
				GCC_WARN_64_TO_32_BIT_CONVERSION = YES;
				GCC_WARN_ABOUT_RETURN_TYPE = YES_ERROR;
				GCC_WARN_UNDECLARED_SELECTOR = YES;
				GCC_WARN_UNINITIALIZED_AUTOS = YES_AGGRESSIVE;
				GCC_WARN_UNUSED_FUNCTION = YES;
				GCC_WARN_UNUSED_VARIABLE = YES;
				IPHONEOS_DEPLOYMENT_TARGET = 15.2;
				MTL_ENABLE_DEBUG_INFO = INCLUDE_SOURCE;
				MTL_FAST_MATH = YES;
				ONLY_ACTIVE_ARCH = YES;
				SDKROOT = iphoneos;
				SWIFT_ACTIVE_COMPILATION_CONDITIONS = DEBUG;
				SWIFT_OPTIMIZATION_LEVEL = "-Onone";
			};
			name = Debug;
		};
		2FF7AE562773B1C10043ECC1 /* Release */ = {
			isa = XCBuildConfiguration;
			buildSettings = {
				ALWAYS_SEARCH_USER_PATHS = NO;
				CLANG_ANALYZER_NONNULL = YES;
				CLANG_ANALYZER_NUMBER_OBJECT_CONVERSION = YES_AGGRESSIVE;
				CLANG_CXX_LANGUAGE_STANDARD = "gnu++17";
				CLANG_CXX_LIBRARY = "libc++";
				CLANG_ENABLE_MODULES = YES;
				CLANG_ENABLE_OBJC_ARC = YES;
				CLANG_ENABLE_OBJC_WEAK = YES;
				CLANG_WARN_BLOCK_CAPTURE_AUTORELEASING = YES;
				CLANG_WARN_BOOL_CONVERSION = YES;
				CLANG_WARN_COMMA = YES;
				CLANG_WARN_CONSTANT_CONVERSION = YES;
				CLANG_WARN_DEPRECATED_OBJC_IMPLEMENTATIONS = YES;
				CLANG_WARN_DIRECT_OBJC_ISA_USAGE = YES_ERROR;
				CLANG_WARN_DOCUMENTATION_COMMENTS = YES;
				CLANG_WARN_EMPTY_BODY = YES;
				CLANG_WARN_ENUM_CONVERSION = YES;
				CLANG_WARN_INFINITE_RECURSION = YES;
				CLANG_WARN_INT_CONVERSION = YES;
				CLANG_WARN_NON_LITERAL_NULL_CONVERSION = YES;
				CLANG_WARN_OBJC_IMPLICIT_RETAIN_SELF = YES;
				CLANG_WARN_OBJC_LITERAL_CONVERSION = YES;
				CLANG_WARN_OBJC_ROOT_CLASS = YES_ERROR;
				CLANG_WARN_QUOTED_INCLUDE_IN_FRAMEWORK_HEADER = YES;
				CLANG_WARN_RANGE_LOOP_ANALYSIS = YES;
				CLANG_WARN_STRICT_PROTOTYPES = YES;
				CLANG_WARN_SUSPICIOUS_MOVE = YES;
				CLANG_WARN_UNGUARDED_AVAILABILITY = YES_AGGRESSIVE;
				CLANG_WARN_UNREACHABLE_CODE = YES;
				CLANG_WARN__DUPLICATE_METHOD_MATCH = YES;
				COPY_PHASE_STRIP = NO;
				DEBUG_INFORMATION_FORMAT = "dwarf-with-dsym";
				ENABLE_NS_ASSERTIONS = NO;
				ENABLE_STRICT_OBJC_MSGSEND = YES;
				GCC_C_LANGUAGE_STANDARD = gnu11;
				GCC_NO_COMMON_BLOCKS = YES;
				GCC_WARN_64_TO_32_BIT_CONVERSION = YES;
				GCC_WARN_ABOUT_RETURN_TYPE = YES_ERROR;
				GCC_WARN_UNDECLARED_SELECTOR = YES;
				GCC_WARN_UNINITIALIZED_AUTOS = YES_AGGRESSIVE;
				GCC_WARN_UNUSED_FUNCTION = YES;
				GCC_WARN_UNUSED_VARIABLE = YES;
				IPHONEOS_DEPLOYMENT_TARGET = 15.2;
				MTL_ENABLE_DEBUG_INFO = NO;
				MTL_FAST_MATH = YES;
				SDKROOT = iphoneos;
				SWIFT_COMPILATION_MODE = wholemodule;
				SWIFT_OPTIMIZATION_LEVEL = "-O";
				VALIDATE_PRODUCT = YES;
			};
			name = Release;
		};
		2FF7AE582773B1C10043ECC1 /* Debug */ = {
			isa = XCBuildConfiguration;
			buildSettings = {
				ASSETCATALOG_COMPILER_APPICON_NAME = AppIcon;
				ASSETCATALOG_COMPILER_GLOBAL_ACCENT_COLOR_NAME = AccentColor;
				CODE_SIGN_STYLE = Automatic;
				CURRENT_PROJECT_VERSION = 1;
				DEVELOPMENT_ASSET_PATHS = "\"TornAsst/Preview Content\"";
				DEVELOPMENT_TEAM = CX9A4TZM67;
				ENABLE_PREVIEWS = YES;
				GENERATE_INFOPLIST_FILE = YES;
				INFOPLIST_FILE = TornAsst/Info.plist;
				INFOPLIST_KEY_UIApplicationSceneManifest_Generation = YES;
				INFOPLIST_KEY_UIApplicationSupportsIndirectInputEvents = YES;
				INFOPLIST_KEY_UILaunchScreen_Generation = YES;
				INFOPLIST_KEY_UISupportedInterfaceOrientations_iPad = "UIInterfaceOrientationPortrait UIInterfaceOrientationPortraitUpsideDown UIInterfaceOrientationLandscapeLeft UIInterfaceOrientationLandscapeRight";
				INFOPLIST_KEY_UISupportedInterfaceOrientations_iPhone = "UIInterfaceOrientationPortrait UIInterfaceOrientationLandscapeLeft UIInterfaceOrientationLandscapeRight";
				LD_RUNPATH_SEARCH_PATHS = (
					"$(inherited)",
					"@executable_path/Frameworks",
				);
				MARKETING_VERSION = 2022.000.00;
				PRODUCT_BUNDLE_IDENTIFIER = "co.synodic.TornAsst-PreProd01";
				PRODUCT_NAME = "$(TARGET_NAME)";
				SWIFT_EMIT_LOC_STRINGS = YES;
				SWIFT_VERSION = 5.0;
				TARGETED_DEVICE_FAMILY = "1,2";
			};
			name = Debug;
		};
		2FF7AE592773B1C10043ECC1 /* Release */ = {
			isa = XCBuildConfiguration;
			buildSettings = {
				ASSETCATALOG_COMPILER_APPICON_NAME = AppIcon;
				ASSETCATALOG_COMPILER_GLOBAL_ACCENT_COLOR_NAME = AccentColor;
				CODE_SIGN_STYLE = Automatic;
				CURRENT_PROJECT_VERSION = 1;
				DEVELOPMENT_ASSET_PATHS = "\"TornAsst/Preview Content\"";
				DEVELOPMENT_TEAM = CX9A4TZM67;
				ENABLE_PREVIEWS = YES;
				GENERATE_INFOPLIST_FILE = YES;
				INFOPLIST_FILE = TornAsst/Info.plist;
				INFOPLIST_KEY_UIApplicationSceneManifest_Generation = YES;
				INFOPLIST_KEY_UIApplicationSupportsIndirectInputEvents = YES;
				INFOPLIST_KEY_UILaunchScreen_Generation = YES;
				INFOPLIST_KEY_UISupportedInterfaceOrientations_iPad = "UIInterfaceOrientationPortrait UIInterfaceOrientationPortraitUpsideDown UIInterfaceOrientationLandscapeLeft UIInterfaceOrientationLandscapeRight";
				INFOPLIST_KEY_UISupportedInterfaceOrientations_iPhone = "UIInterfaceOrientationPortrait UIInterfaceOrientationLandscapeLeft UIInterfaceOrientationLandscapeRight";
				LD_RUNPATH_SEARCH_PATHS = (
					"$(inherited)",
					"@executable_path/Frameworks",
				);
				MARKETING_VERSION = 2022.000.00;
				PRODUCT_BUNDLE_IDENTIFIER = "co.synodic.TornAsst-PreProd01";
				PRODUCT_NAME = "$(TARGET_NAME)";
				SWIFT_EMIT_LOC_STRINGS = YES;
				SWIFT_VERSION = 5.0;
				TARGETED_DEVICE_FAMILY = "1,2";
			};
			name = Release;
		};
/* End XCBuildConfiguration section */

/* Begin XCConfigurationList section */
		2FF7AE442773B1C00043ECC1 /* Build configuration list for PBXProject "TornAsst" */ = {
			isa = XCConfigurationList;
			buildConfigurations = (
				2FF7AE552773B1C10043ECC1 /* Debug */,
				2FF7AE562773B1C10043ECC1 /* Release */,
			);
			defaultConfigurationIsVisible = 0;
			defaultConfigurationName = Release;
		};
		2FF7AE572773B1C10043ECC1 /* Build configuration list for PBXNativeTarget "TornAsst" */ = {
			isa = XCConfigurationList;
			buildConfigurations = (
				2FF7AE582773B1C10043ECC1 /* Debug */,
				2FF7AE592773B1C10043ECC1 /* Release */,
			);
			defaultConfigurationIsVisible = 0;
			defaultConfigurationName = Release;
		};
/* End XCConfigurationList section */

/* Begin XCVersionGroup section */
		2FF7AE7A2773C1B20043ECC1 /* Model.xcdatamodeld */ = {
			isa = XCVersionGroup;
			children = (
				2FF7AE7B2773C1B20043ECC1 /* Model.xcdatamodel */,
			);
			currentVersion = 2FF7AE7B2773C1B20043ECC1 /* Model.xcdatamodel */;
			path = Model.xcdatamodeld;
			sourceTree = "<group>";
			versionGroupType = wrapper.xcdatamodel;
		};
/* End XCVersionGroup section */
	};
	rootObject = 2FF7AE412773B1C00043ECC1 /* Project object */;
}
