// !$*UTF8*$!
{
	archiveVersion = 1;
	classes = {
	};
	objectVersion = 50;
	objects = {

/* Begin PBXBuildFile section */
		2F173C202570111C00E904D4 /* TornAsstApp.swift in Sources */ = {isa = PBXBuildFile; fileRef = 2F173C0D2570111600E904D4 /* TornAsstApp.swift */; };
		2F173C212570111C00E904D4 /* TornAsstApp.swift in Sources */ = {isa = PBXBuildFile; fileRef = 2F173C0D2570111600E904D4 /* TornAsstApp.swift */; };
		2F173C222570111C00E904D4 /* DashboardView.swift in Sources */ = {isa = PBXBuildFile; fileRef = 2F173C0E2570111600E904D4 /* DashboardView.swift */; };
		2F173C232570111C00E904D4 /* DashboardView.swift in Sources */ = {isa = PBXBuildFile; fileRef = 2F173C0E2570111600E904D4 /* DashboardView.swift */; };
		2F173C242570111C00E904D4 /* Assets.xcassets in Resources */ = {isa = PBXBuildFile; fileRef = 2F173C0F2570111B00E904D4 /* Assets.xcassets */; };
		2F173C252570111C00E904D4 /* Assets.xcassets in Resources */ = {isa = PBXBuildFile; fileRef = 2F173C0F2570111B00E904D4 /* Assets.xcassets */; };
		2F2490042571EF9F00830D26 /* ApiPromptPage.swift in Sources */ = {isa = PBXBuildFile; fileRef = 2F2490032571EF9F00830D26 /* ApiPromptPage.swift */; };
		2F2490052571EF9F00830D26 /* ApiPromptPage.swift in Sources */ = {isa = PBXBuildFile; fileRef = 2F2490032571EF9F00830D26 /* ApiPromptPage.swift */; };
		2F24900B2572CE5400830D26 /* EnergySection.swift in Sources */ = {isa = PBXBuildFile; fileRef = 2F24900A2572CE5400830D26 /* EnergySection.swift */; };
		2F24900C2572CE5400830D26 /* EnergySection.swift in Sources */ = {isa = PBXBuildFile; fileRef = 2F24900A2572CE5400830D26 /* EnergySection.swift */; };
		2F2490102572F5FC00830D26 /* EnergyControls.swift in Sources */ = {isa = PBXBuildFile; fileRef = 2F24900F2572F5FC00830D26 /* EnergyControls.swift */; };
		2F2490112572F5FC00830D26 /* EnergyControls.swift in Sources */ = {isa = PBXBuildFile; fileRef = 2F24900F2572F5FC00830D26 /* EnergyControls.swift */; };
		2F24901525731B2E00830D26 /* IndicatorBar.swift in Sources */ = {isa = PBXBuildFile; fileRef = 2F24901425731B2E00830D26 /* IndicatorBar.swift */; };
		2F24901625731B2E00830D26 /* IndicatorBar.swift in Sources */ = {isa = PBXBuildFile; fileRef = 2F24901425731B2E00830D26 /* IndicatorBar.swift */; };
		2F24901A25731B9600830D26 /* SyncFooter.swift in Sources */ = {isa = PBXBuildFile; fileRef = 2F24901925731B9600830D26 /* SyncFooter.swift */; };
		2F24901B25731B9600830D26 /* SyncFooter.swift in Sources */ = {isa = PBXBuildFile; fileRef = 2F24901925731B9600830D26 /* SyncFooter.swift */; };
		2F24901F257334A300830D26 /* IndicatorRow.swift in Sources */ = {isa = PBXBuildFile; fileRef = 2F24901E257334A300830D26 /* IndicatorRow.swift */; };
		2F249020257334A300830D26 /* IndicatorRow.swift in Sources */ = {isa = PBXBuildFile; fileRef = 2F24901E257334A300830D26 /* IndicatorRow.swift */; };
		2F2490242573369A00830D26 /* BasicsSection.swift in Sources */ = {isa = PBXBuildFile; fileRef = 2F2490232573369A00830D26 /* BasicsSection.swift */; };
		2F2490252573369A00830D26 /* BasicsSection.swift in Sources */ = {isa = PBXBuildFile; fileRef = 2F2490232573369A00830D26 /* BasicsSection.swift */; };
		2F24902925735D2800830D26 /* TravelControls.swift in Sources */ = {isa = PBXBuildFile; fileRef = 2F24902825735D2700830D26 /* TravelControls.swift */; };
		2F24902A25735D2800830D26 /* TravelControls.swift in Sources */ = {isa = PBXBuildFile; fileRef = 2F24902825735D2700830D26 /* TravelControls.swift */; };
		2F2490302574207A00830D26 /* NerveSection.swift in Sources */ = {isa = PBXBuildFile; fileRef = 2F24902F2574207900830D26 /* NerveSection.swift */; };
		2F2490312574207A00830D26 /* NerveSection.swift in Sources */ = {isa = PBXBuildFile; fileRef = 2F24902F2574207900830D26 /* NerveSection.swift */; };
		2F333D8F2570A40200D356F2 /* TravelSection.swift in Sources */ = {isa = PBXBuildFile; fileRef = 2F333D8E2570A40200D356F2 /* TravelSection.swift */; };
		2F333D902570A40200D356F2 /* TravelSection.swift in Sources */ = {isa = PBXBuildFile; fileRef = 2F333D8E2570A40200D356F2 /* TravelSection.swift */; };
		2F35113B257429E4002B96ED /* NerveControls.swift in Sources */ = {isa = PBXBuildFile; fileRef = 2F35113A257429E4002B96ED /* NerveControls.swift */; };
		2F35113C257429E4002B96ED /* NerveControls.swift in Sources */ = {isa = PBXBuildFile; fileRef = 2F35113A257429E4002B96ED /* NerveControls.swift */; };
		2F42103625C7C19400086CE2 /* BarResult.swift in Sources */ = {isa = PBXBuildFile; fileRef = 2F42103525C7C19400086CE2 /* BarResult.swift */; };
		2F42103725C7C19400086CE2 /* BarResult.swift in Sources */ = {isa = PBXBuildFile; fileRef = 2F42103525C7C19400086CE2 /* BarResult.swift */; };
		2F42103B25C7C1DA00086CE2 /* TravelResult.swift in Sources */ = {isa = PBXBuildFile; fileRef = 2F42103A25C7C1DA00086CE2 /* TravelResult.swift */; };
		2F42103C25C7C1DA00086CE2 /* TravelResult.swift in Sources */ = {isa = PBXBuildFile; fileRef = 2F42103A25C7C1DA00086CE2 /* TravelResult.swift */; };
		2F5346C025AC181E00A02345 /* Ticking.swift in Sources */ = {isa = PBXBuildFile; fileRef = 2F5346BF25AC181E00A02345 /* Ticking.swift */; };
		2F5346C125AC181E00A02345 /* Ticking.swift in Sources */ = {isa = PBXBuildFile; fileRef = 2F5346BF25AC181E00A02345 /* Ticking.swift */; };
		2F631EE2276ABB5F0070D655 /* CountdownWithLocalTime.swift in Sources */ = {isa = PBXBuildFile; fileRef = 2F631EE1276ABB5F0070D655 /* CountdownWithLocalTime.swift */; };
		2F631EE3276ABB5F0070D655 /* CountdownWithLocalTime.swift in Sources */ = {isa = PBXBuildFile; fileRef = 2F631EE1276ABB5F0070D655 /* CountdownWithLocalTime.swift */; };
		2F631EE5276AC6140070D655 /* DataController.swift in Sources */ = {isa = PBXBuildFile; fileRef = 2F631EE4276AC6140070D655 /* DataController.swift */; };
		2F631EE6276AC6140070D655 /* DataController.swift in Sources */ = {isa = PBXBuildFile; fileRef = 2F631EE4276AC6140070D655 /* DataController.swift */; };
		2F631EEA276AD8EE0070D655 /* BigSectionBarView.swift in Sources */ = {isa = PBXBuildFile; fileRef = 2F631EE9276AD8EE0070D655 /* BigSectionBarView.swift */; };
		2F631EEB276AD8EE0070D655 /* BigSectionBarView.swift in Sources */ = {isa = PBXBuildFile; fileRef = 2F631EE9276AD8EE0070D655 /* BigSectionBarView.swift */; };
		2F631EEE276B01070070D655 /* Date-Extension.swift in Sources */ = {isa = PBXBuildFile; fileRef = 2F631EED276B01070070D655 /* Date-Extension.swift */; };
		2F631EEF276B01070070D655 /* Date-Extension.swift in Sources */ = {isa = PBXBuildFile; fileRef = 2F631EED276B01070070D655 /* Date-Extension.swift */; };
		2F631EF1276B090E0070D655 /* DateFormatter-Extension.swift in Sources */ = {isa = PBXBuildFile; fileRef = 2F631EF0276B090E0070D655 /* DateFormatter-Extension.swift */; };
		2F631EF2276B090E0070D655 /* DateFormatter-Extension.swift in Sources */ = {isa = PBXBuildFile; fileRef = 2F631EF0276B090E0070D655 /* DateFormatter-Extension.swift */; };
		2F631EF4276C29640070D655 /* DatedResetItem-CoreDataHelpers.swift in Sources */ = {isa = PBXBuildFile; fileRef = 2F631EF3276C29640070D655 /* DatedResetItem-CoreDataHelpers.swift */; };
		2F631EF5276C29640070D655 /* DatedResetItem-CoreDataHelpers.swift in Sources */ = {isa = PBXBuildFile; fileRef = 2F631EF3276C29640070D655 /* DatedResetItem-CoreDataHelpers.swift */; };
		2F631EF7276C2E9C0070D655 /* Calendar-Extension.swift in Sources */ = {isa = PBXBuildFile; fileRef = 2F631EF6276C2E9C0070D655 /* Calendar-Extension.swift */; };
		2F631EF8276C2E9C0070D655 /* Calendar-Extension.swift in Sources */ = {isa = PBXBuildFile; fileRef = 2F631EF6276C2E9C0070D655 /* Calendar-Extension.swift */; };
		2F631EFA276C50010070D655 /* Daily-CoreDataHelpers.swift in Sources */ = {isa = PBXBuildFile; fileRef = 2F631EF9276C50010070D655 /* Daily-CoreDataHelpers.swift */; };
		2F631EFB276C50010070D655 /* Daily-CoreDataHelpers.swift in Sources */ = {isa = PBXBuildFile; fileRef = 2F631EF9276C50010070D655 /* Daily-CoreDataHelpers.swift */; };
		2F631EFD276C542E0070D655 /* Sequence-Sorting.swift in Sources */ = {isa = PBXBuildFile; fileRef = 2F631EFC276C542E0070D655 /* Sequence-Sorting.swift */; };
		2F631EFE276C542E0070D655 /* Sequence-Sorting.swift in Sources */ = {isa = PBXBuildFile; fileRef = 2F631EFC276C542E0070D655 /* Sequence-Sorting.swift */; };
		2F631F00276C566F0070D655 /* DataController-Extension.swift in Sources */ = {isa = PBXBuildFile; fileRef = 2F631EFF276C566F0070D655 /* DataController-Extension.swift */; };
		2F631F01276C566F0070D655 /* DataController-Extension.swift in Sources */ = {isa = PBXBuildFile; fileRef = 2F631EFF276C566F0070D655 /* DataController-Extension.swift */; };
		2F66C786276D70EA00C236E4 /* PeriodicTaskRowView.swift in Sources */ = {isa = PBXBuildFile; fileRef = 2F66C785276D70EA00C236E4 /* PeriodicTaskRowView.swift */; };
		2F66C787276D70EA00C236E4 /* PeriodicTaskRowView.swift in Sources */ = {isa = PBXBuildFile; fileRef = 2F66C785276D70EA00C236E4 /* PeriodicTaskRowView.swift */; };
		2F70075525ABE8DC0084AE54 /* Activity.swift in Sources */ = {isa = PBXBuildFile; fileRef = 2F70075425ABE8DC0084AE54 /* Activity.swift */; };
		2F70075625ABE8DC0084AE54 /* Activity.swift in Sources */ = {isa = PBXBuildFile; fileRef = 2F70075425ABE8DC0084AE54 /* Activity.swift */; };
		2F70075A25ABFA290084AE54 /* UserState.swift in Sources */ = {isa = PBXBuildFile; fileRef = 2F70075925ABFA290084AE54 /* UserState.swift */; };
		2F70075B25ABFA290084AE54 /* UserState.swift in Sources */ = {isa = PBXBuildFile; fileRef = 2F70075925ABFA290084AE54 /* UserState.swift */; };
		2F7E88ED25B94B420010BD60 /* ApiManager.swift in Sources */ = {isa = PBXBuildFile; fileRef = 2F7E88EC25B94B420010BD60 /* ApiManager.swift */; };
		2F7E88EE25B94B420010BD60 /* ApiManager.swift in Sources */ = {isa = PBXBuildFile; fileRef = 2F7E88EC25B94B420010BD60 /* ApiManager.swift */; };
		2F7F0B4225BC047A00C5CD0A /* Stats.swift in Sources */ = {isa = PBXBuildFile; fileRef = 2F7F0B4125BC047A00C5CD0A /* Stats.swift */; };
		2F7F0B4325BC047A00C5CD0A /* Stats.swift in Sources */ = {isa = PBXBuildFile; fileRef = 2F7F0B4125BC047A00C5CD0A /* Stats.swift */; };
		2FD3021A2767E43C00A5D111 /* DailiesView.swift in Sources */ = {isa = PBXBuildFile; fileRef = 2FD302192767E43C00A5D111 /* DailiesView.swift */; };
		2FD3021B2767E43C00A5D111 /* DailiesView.swift in Sources */ = {isa = PBXBuildFile; fileRef = 2FD302192767E43C00A5D111 /* DailiesView.swift */; };
		2FEBB3042769A9F90000C117 /* HomeView.swift in Sources */ = {isa = PBXBuildFile; fileRef = 2FEBB3032769A9F90000C117 /* HomeView.swift */; };
		2FEBB3052769A9F90000C117 /* HomeView.swift in Sources */ = {isa = PBXBuildFile; fileRef = 2FEBB3032769A9F90000C117 /* HomeView.swift */; };
		2FEBB3072769AA1B0000C117 /* ContentView.swift in Sources */ = {isa = PBXBuildFile; fileRef = 2FEBB3062769AA1B0000C117 /* ContentView.swift */; };
		2FEBB3082769AA1B0000C117 /* ContentView.swift in Sources */ = {isa = PBXBuildFile; fileRef = 2FEBB3062769AA1B0000C117 /* ContentView.swift */; };
		2FEBB30A2769AA270000C117 /* TravelView.swift in Sources */ = {isa = PBXBuildFile; fileRef = 2FEBB3092769AA270000C117 /* TravelView.swift */; };
		2FEBB30B2769AA270000C117 /* TravelView.swift in Sources */ = {isa = PBXBuildFile; fileRef = 2FEBB3092769AA270000C117 /* TravelView.swift */; };
		2FEBB30D2769B1820000C117 /* NotificationRow.swift in Sources */ = {isa = PBXBuildFile; fileRef = 2FEBB30C2769B1820000C117 /* NotificationRow.swift */; };
		2FEBB30E2769B1820000C117 /* NotificationRow.swift in Sources */ = {isa = PBXBuildFile; fileRef = 2FEBB30C2769B1820000C117 /* NotificationRow.swift */; };
		2FEBB310276AA6230000C117 /* PeriodicTaskToggleView.swift in Sources */ = {isa = PBXBuildFile; fileRef = 2FEBB30F276AA6230000C117 /* PeriodicTaskToggleView.swift */; };
		2FEBB311276AA6230000C117 /* PeriodicTaskToggleView.swift in Sources */ = {isa = PBXBuildFile; fileRef = 2FEBB30F276AA6230000C117 /* PeriodicTaskToggleView.swift */; };
		2FEBDACA273CA6AA00DFB689 /* Model.xcdatamodeld in Sources */ = {isa = PBXBuildFile; fileRef = 2FEBDAC8273CA6AA00DFB689 /* Model.xcdatamodeld */; };
		2FF1CD6725ABC2BB00B2A80E /* Flight.swift in Sources */ = {isa = PBXBuildFile; fileRef = 2FF1CD6625ABC2BA00B2A80E /* Flight.swift */; };
		2FF1CD6825ABC2BB00B2A80E /* Flight.swift in Sources */ = {isa = PBXBuildFile; fileRef = 2FF1CD6625ABC2BA00B2A80E /* Flight.swift */; };
		2FF1CD6C25ABC33E00B2A80E /* Location.swift in Sources */ = {isa = PBXBuildFile; fileRef = 2FF1CD6B25ABC33E00B2A80E /* Location.swift */; };
		2FF1CD6D25ABC33E00B2A80E /* Location.swift in Sources */ = {isa = PBXBuildFile; fileRef = 2FF1CD6B25ABC33E00B2A80E /* Location.swift */; };
/* End PBXBuildFile section */

/* Begin PBXFileReference section */
		2F173C0D2570111600E904D4 /* TornAsstApp.swift */ = {isa = PBXFileReference; lastKnownFileType = sourcecode.swift; path = TornAsstApp.swift; sourceTree = "<group>"; };
		2F173C0E2570111600E904D4 /* DashboardView.swift */ = {isa = PBXFileReference; lastKnownFileType = sourcecode.swift; path = DashboardView.swift; sourceTree = "<group>"; };
		2F173C0F2570111B00E904D4 /* Assets.xcassets */ = {isa = PBXFileReference; lastKnownFileType = folder.assetcatalog; path = Assets.xcassets; sourceTree = "<group>"; };
		2F173C142570111B00E904D4 /* TornAsst.app */ = {isa = PBXFileReference; explicitFileType = wrapper.application; includeInIndex = 0; path = TornAsst.app; sourceTree = BUILT_PRODUCTS_DIR; };
		2F173C172570111B00E904D4 /* Info.plist */ = {isa = PBXFileReference; lastKnownFileType = text.plist.xml; path = Info.plist; sourceTree = "<group>"; };
		2F173C1C2570111C00E904D4 /* TornAsst.app */ = {isa = PBXFileReference; explicitFileType = wrapper.application; includeInIndex = 0; path = TornAsst.app; sourceTree = BUILT_PRODUCTS_DIR; };
		2F173C1E2570111C00E904D4 /* Info.plist */ = {isa = PBXFileReference; lastKnownFileType = text.plist.xml; path = Info.plist; sourceTree = "<group>"; };
		2F173C1F2570111C00E904D4 /* macOS.entitlements */ = {isa = PBXFileReference; lastKnownFileType = text.plist.entitlements; path = macOS.entitlements; sourceTree = "<group>"; };
		2F2490032571EF9F00830D26 /* ApiPromptPage.swift */ = {isa = PBXFileReference; lastKnownFileType = sourcecode.swift; path = ApiPromptPage.swift; sourceTree = "<group>"; };
		2F24900A2572CE5400830D26 /* EnergySection.swift */ = {isa = PBXFileReference; lastKnownFileType = sourcecode.swift; path = EnergySection.swift; sourceTree = "<group>"; };
		2F24900F2572F5FC00830D26 /* EnergyControls.swift */ = {isa = PBXFileReference; lastKnownFileType = sourcecode.swift; path = EnergyControls.swift; sourceTree = "<group>"; };
		2F24901425731B2E00830D26 /* IndicatorBar.swift */ = {isa = PBXFileReference; lastKnownFileType = sourcecode.swift; path = IndicatorBar.swift; sourceTree = "<group>"; };
		2F24901925731B9600830D26 /* SyncFooter.swift */ = {isa = PBXFileReference; lastKnownFileType = sourcecode.swift; path = SyncFooter.swift; sourceTree = "<group>"; };
		2F24901E257334A300830D26 /* IndicatorRow.swift */ = {isa = PBXFileReference; lastKnownFileType = sourcecode.swift; path = IndicatorRow.swift; sourceTree = "<group>"; };
		2F2490232573369A00830D26 /* BasicsSection.swift */ = {isa = PBXFileReference; lastKnownFileType = sourcecode.swift; path = BasicsSection.swift; sourceTree = "<group>"; };
		2F24902825735D2700830D26 /* TravelControls.swift */ = {isa = PBXFileReference; lastKnownFileType = sourcecode.swift; path = TravelControls.swift; sourceTree = "<group>"; };
		2F24902F2574207900830D26 /* NerveSection.swift */ = {isa = PBXFileReference; lastKnownFileType = sourcecode.swift; path = NerveSection.swift; sourceTree = "<group>"; };
		2F333D8E2570A40200D356F2 /* TravelSection.swift */ = {isa = PBXFileReference; lastKnownFileType = sourcecode.swift; path = TravelSection.swift; sourceTree = "<group>"; };
		2F35113A257429E4002B96ED /* NerveControls.swift */ = {isa = PBXFileReference; lastKnownFileType = sourcecode.swift; path = NerveControls.swift; sourceTree = "<group>"; };
		2F42103525C7C19400086CE2 /* BarResult.swift */ = {isa = PBXFileReference; lastKnownFileType = sourcecode.swift; path = BarResult.swift; sourceTree = "<group>"; };
		2F42103A25C7C1DA00086CE2 /* TravelResult.swift */ = {isa = PBXFileReference; lastKnownFileType = sourcecode.swift; path = TravelResult.swift; sourceTree = "<group>"; };
		2F5346BF25AC181E00A02345 /* Ticking.swift */ = {isa = PBXFileReference; lastKnownFileType = sourcecode.swift; path = Ticking.swift; sourceTree = "<group>"; };
		2F631EE1276ABB5F0070D655 /* CountdownWithLocalTime.swift */ = {isa = PBXFileReference; lastKnownFileType = sourcecode.swift; path = CountdownWithLocalTime.swift; sourceTree = "<group>"; };
		2F631EE4276AC6140070D655 /* DataController.swift */ = {isa = PBXFileReference; lastKnownFileType = sourcecode.swift; path = DataController.swift; sourceTree = "<group>"; };
		2F631EE9276AD8EE0070D655 /* BigSectionBarView.swift */ = {isa = PBXFileReference; lastKnownFileType = sourcecode.swift; path = BigSectionBarView.swift; sourceTree = "<group>"; };
		2F631EED276B01070070D655 /* Date-Extension.swift */ = {isa = PBXFileReference; lastKnownFileType = sourcecode.swift; path = "Date-Extension.swift"; sourceTree = "<group>"; };
		2F631EF0276B090E0070D655 /* DateFormatter-Extension.swift */ = {isa = PBXFileReference; lastKnownFileType = sourcecode.swift; path = "DateFormatter-Extension.swift"; sourceTree = "<group>"; };
		2F631EF3276C29640070D655 /* DatedResetItem-CoreDataHelpers.swift */ = {isa = PBXFileReference; lastKnownFileType = sourcecode.swift; path = "DatedResetItem-CoreDataHelpers.swift"; sourceTree = "<group>"; };
		2F631EF6276C2E9C0070D655 /* Calendar-Extension.swift */ = {isa = PBXFileReference; lastKnownFileType = sourcecode.swift; path = "Calendar-Extension.swift"; sourceTree = "<group>"; };
		2F631EF9276C50010070D655 /* Daily-CoreDataHelpers.swift */ = {isa = PBXFileReference; lastKnownFileType = sourcecode.swift; path = "Daily-CoreDataHelpers.swift"; sourceTree = "<group>"; };
		2F631EFC276C542E0070D655 /* Sequence-Sorting.swift */ = {isa = PBXFileReference; lastKnownFileType = sourcecode.swift; path = "Sequence-Sorting.swift"; sourceTree = "<group>"; };
		2F631EFF276C566F0070D655 /* DataController-Extension.swift */ = {isa = PBXFileReference; lastKnownFileType = sourcecode.swift; path = "DataController-Extension.swift"; sourceTree = "<group>"; };
		2F66C785276D70EA00C236E4 /* PeriodicTaskRowView.swift */ = {isa = PBXFileReference; lastKnownFileType = sourcecode.swift; path = PeriodicTaskRowView.swift; sourceTree = "<group>"; };
		2F70075425ABE8DC0084AE54 /* Activity.swift */ = {isa = PBXFileReference; lastKnownFileType = sourcecode.swift; path = Activity.swift; sourceTree = "<group>"; };
		2F70075925ABFA290084AE54 /* UserState.swift */ = {isa = PBXFileReference; lastKnownFileType = sourcecode.swift; path = UserState.swift; sourceTree = "<group>"; };
		2F7E88EC25B94B420010BD60 /* ApiManager.swift */ = {isa = PBXFileReference; lastKnownFileType = sourcecode.swift; path = ApiManager.swift; sourceTree = "<group>"; };
		2F7F0B4125BC047A00C5CD0A /* Stats.swift */ = {isa = PBXFileReference; lastKnownFileType = sourcecode.swift; path = Stats.swift; sourceTree = "<group>"; };
		2FD302192767E43C00A5D111 /* DailiesView.swift */ = {isa = PBXFileReference; lastKnownFileType = sourcecode.swift; path = DailiesView.swift; sourceTree = "<group>"; };
		2FEBB3032769A9F90000C117 /* HomeView.swift */ = {isa = PBXFileReference; lastKnownFileType = sourcecode.swift; path = HomeView.swift; sourceTree = "<group>"; };
		2FEBB3062769AA1B0000C117 /* ContentView.swift */ = {isa = PBXFileReference; lastKnownFileType = sourcecode.swift; path = ContentView.swift; sourceTree = "<group>"; };
		2FEBB3092769AA270000C117 /* TravelView.swift */ = {isa = PBXFileReference; lastKnownFileType = sourcecode.swift; path = TravelView.swift; sourceTree = "<group>"; };
		2FEBB30C2769B1820000C117 /* NotificationRow.swift */ = {isa = PBXFileReference; lastKnownFileType = sourcecode.swift; path = NotificationRow.swift; sourceTree = "<group>"; };
		2FEBB30F276AA6230000C117 /* PeriodicTaskToggleView.swift */ = {isa = PBXFileReference; lastKnownFileType = sourcecode.swift; path = PeriodicTaskToggleView.swift; sourceTree = "<group>"; };
		2FEBDAC9273CA6AA00DFB689 /* Model.xcdatamodel */ = {isa = PBXFileReference; lastKnownFileType = wrapper.xcdatamodel; path = Model.xcdatamodel; sourceTree = "<group>"; };
		2FF1CD6625ABC2BA00B2A80E /* Flight.swift */ = {isa = PBXFileReference; lastKnownFileType = sourcecode.swift; path = Flight.swift; sourceTree = "<group>"; };
		2FF1CD6B25ABC33E00B2A80E /* Location.swift */ = {isa = PBXFileReference; lastKnownFileType = sourcecode.swift; path = Location.swift; sourceTree = "<group>"; };
/* End PBXFileReference section */

/* Begin PBXFrameworksBuildPhase section */
		2F173C112570111B00E904D4 /* Frameworks */ = {
			isa = PBXFrameworksBuildPhase;
			buildActionMask = 2147483647;
			files = (
			);
			runOnlyForDeploymentPostprocessing = 0;
		};
		2F173C192570111C00E904D4 /* Frameworks */ = {
			isa = PBXFrameworksBuildPhase;
			buildActionMask = 2147483647;
			files = (
			);
			runOnlyForDeploymentPostprocessing = 0;
		};
/* End PBXFrameworksBuildPhase section */

/* Begin PBXGroup section */
		2F173C072570111600E904D4 = {
			isa = PBXGroup;
			children = (
				2F631EE9276AD8EE0070D655 /* BigSectionBarView.swift */,
				2FEBDAC8273CA6AA00DFB689 /* Model.xcdatamodeld */,
				2F173C0C2570111600E904D4 /* Shared */,
				2F173C162570111B00E904D4 /* iOS */,
				2F173C1D2570111C00E904D4 /* macOS */,
				2F173C152570111B00E904D4 /* Products */,
			);
			sourceTree = "<group>";
		};
		2F173C0C2570111600E904D4 /* Shared */ = {
			isa = PBXGroup;
			children = (
				2F173C0D2570111600E904D4 /* TornAsstApp.swift */,
				2FEBB3062769AA1B0000C117 /* ContentView.swift */,
				2F631EE4276AC6140070D655 /* DataController.swift */,
				2F631EFF276C566F0070D655 /* DataController-Extension.swift */,
				2F631EE8276AC78B0070D655 /* Activities */,
				2F173C0E2570111600E904D4 /* DashboardView.swift */,
				2F2490032571EF9F00830D26 /* ApiPromptPage.swift */,
				2F2490232573369A00830D26 /* BasicsSection.swift */,
				2F631EEC276B00EE0070D655 /* Extensions */,
				2F24900A2572CE5400830D26 /* EnergySection.swift */,
				2F631EE1276ABB5F0070D655 /* CountdownWithLocalTime.swift */,
				2F24900F2572F5FC00830D26 /* EnergyControls.swift */,
				2F24902F2574207900830D26 /* NerveSection.swift */,
				2F35113A257429E4002B96ED /* NerveControls.swift */,
				2F24901E257334A300830D26 /* IndicatorRow.swift */,
				2F24901425731B2E00830D26 /* IndicatorBar.swift */,
				2F333D8E2570A40200D356F2 /* TravelSection.swift */,
				2F24902825735D2700830D26 /* TravelControls.swift */,
				2F24901925731B9600830D26 /* SyncFooter.swift */,
				2F42104125C7C34D00086CE2 /* Model */,
				2F173C0F2570111B00E904D4 /* Assets.xcassets */,
				2FEBB3032769A9F90000C117 /* HomeView.swift */,
				2FEBB3092769AA270000C117 /* TravelView.swift */,
				2FEBB30C2769B1820000C117 /* NotificationRow.swift */,
			);
			path = Shared;
			sourceTree = "<group>";
		};
		2F173C152570111B00E904D4 /* Products */ = {
			isa = PBXGroup;
			children = (
				2F173C142570111B00E904D4 /* TornAsst.app */,
				2F173C1C2570111C00E904D4 /* TornAsst.app */,
			);
			name = Products;
			sourceTree = "<group>";
		};
		2F173C162570111B00E904D4 /* iOS */ = {
			isa = PBXGroup;
			children = (
				2F173C172570111B00E904D4 /* Info.plist */,
			);
			path = iOS;
			sourceTree = "<group>";
		};
		2F173C1D2570111C00E904D4 /* macOS */ = {
			isa = PBXGroup;
			children = (
				2F173C1E2570111C00E904D4 /* Info.plist */,
				2F173C1F2570111C00E904D4 /* macOS.entitlements */,
			);
			path = macOS;
			sourceTree = "<group>";
		};
		2F42104125C7C34D00086CE2 /* Model */ = {
			isa = PBXGroup;
			children = (
				2F42103A25C7C1DA00086CE2 /* TravelResult.swift */,
				2FF1CD6625ABC2BA00B2A80E /* Flight.swift */,
				2F42103525C7C19400086CE2 /* BarResult.swift */,
				2FF1CD6B25ABC33E00B2A80E /* Location.swift */,
				2F70075425ABE8DC0084AE54 /* Activity.swift */,
				2F70075925ABFA290084AE54 /* UserState.swift */,
				2F7F0B4125BC047A00C5CD0A /* Stats.swift */,
				2F5346BF25AC181E00A02345 /* Ticking.swift */,
				2F7E88EC25B94B420010BD60 /* ApiManager.swift */,
			);
			name = Model;
			sourceTree = "<group>";
		};
		2F631EE7276AC6720070D655 /* Daily */ = {
			isa = PBXGroup;
			children = (
				2FD302192767E43C00A5D111 /* DailiesView.swift */,
				2FEBB30F276AA6230000C117 /* PeriodicTaskToggleView.swift */,
				2F66C785276D70EA00C236E4 /* PeriodicTaskRowView.swift */,
				2F631EF9276C50010070D655 /* Daily-CoreDataHelpers.swift */,
				2F631EF3276C29640070D655 /* DatedResetItem-CoreDataHelpers.swift */,
			);
			name = Daily;
			sourceTree = "<group>";
		};
		2F631EE8276AC78B0070D655 /* Activities */ = {
			isa = PBXGroup;
			children = (
				2F631EE7276AC6720070D655 /* Daily */,
			);
			name = Activities;
			sourceTree = "<group>";
		};
		2F631EEC276B00EE0070D655 /* Extensions */ = {
			isa = PBXGroup;
			children = (
				2F631EED276B01070070D655 /* Date-Extension.swift */,
				2F631EF6276C2E9C0070D655 /* Calendar-Extension.swift */,
				2F631EF0276B090E0070D655 /* DateFormatter-Extension.swift */,
				2F631EFC276C542E0070D655 /* Sequence-Sorting.swift */,
			);
			name = Extensions;
			sourceTree = "<group>";
		};
/* End PBXGroup section */

/* Begin PBXNativeTarget section */
		2F173C132570111B00E904D4 /* TornAsst (iOS) */ = {
			isa = PBXNativeTarget;
			buildConfigurationList = 2F173C282570111C00E904D4 /* Build configuration list for PBXNativeTarget "TornAsst (iOS)" */;
			buildPhases = (
				2F34A994266589BE00174358 /* SwiftLint */,
				2F173C102570111B00E904D4 /* Sources */,
				2F173C112570111B00E904D4 /* Frameworks */,
				2F173C122570111B00E904D4 /* Resources */,
			);
			buildRules = (
			);
			dependencies = (
			);
			name = "TornAsst (iOS)";
			productName = "TornAsst (iOS)";
			productReference = 2F173C142570111B00E904D4 /* TornAsst.app */;
			productType = "com.apple.product-type.application";
		};
		2F173C1B2570111C00E904D4 /* TornAsst (macOS) */ = {
			isa = PBXNativeTarget;
			buildConfigurationList = 2F173C2B2570111C00E904D4 /* Build configuration list for PBXNativeTarget "TornAsst (macOS)" */;
			buildPhases = (
				2F173C182570111C00E904D4 /* Sources */,
				2F173C192570111C00E904D4 /* Frameworks */,
				2F173C1A2570111C00E904D4 /* Resources */,
			);
			buildRules = (
			);
			dependencies = (
			);
			name = "TornAsst (macOS)";
			productName = "TornAsst (macOS)";
			productReference = 2F173C1C2570111C00E904D4 /* TornAsst.app */;
			productType = "com.apple.product-type.application";
		};
/* End PBXNativeTarget section */

/* Begin PBXProject section */
		2F173C082570111600E904D4 /* Project object */ = {
			isa = PBXProject;
			attributes = {
				LastSwiftUpdateCheck = 1220;
				LastUpgradeCheck = 1230;
				TargetAttributes = {
					2F173C132570111B00E904D4 = {
						CreatedOnToolsVersion = 12.2;
					};
					2F173C1B2570111C00E904D4 = {
						CreatedOnToolsVersion = 12.2;
					};
				};
			};
			buildConfigurationList = 2F173C0B2570111600E904D4 /* Build configuration list for PBXProject "TornAsst" */;
			compatibilityVersion = "Xcode 9.3";
			developmentRegion = en;
			hasScannedForEncodings = 0;
			knownRegions = (
				en,
				Base,
			);
			mainGroup = 2F173C072570111600E904D4;
			productRefGroup = 2F173C152570111B00E904D4 /* Products */;
			projectDirPath = "";
			projectRoot = "";
			targets = (
				2F173C132570111B00E904D4 /* TornAsst (iOS) */,
				2F173C1B2570111C00E904D4 /* TornAsst (macOS) */,
			);
		};
/* End PBXProject section */

/* Begin PBXResourcesBuildPhase section */
		2F173C122570111B00E904D4 /* Resources */ = {
			isa = PBXResourcesBuildPhase;
			buildActionMask = 2147483647;
			files = (
				2F173C242570111C00E904D4 /* Assets.xcassets in Resources */,
			);
			runOnlyForDeploymentPostprocessing = 0;
		};
		2F173C1A2570111C00E904D4 /* Resources */ = {
			isa = PBXResourcesBuildPhase;
			buildActionMask = 2147483647;
			files = (
				2F173C252570111C00E904D4 /* Assets.xcassets in Resources */,
			);
			runOnlyForDeploymentPostprocessing = 0;
		};
/* End PBXResourcesBuildPhase section */

/* Begin PBXShellScriptBuildPhase section */
		2F34A994266589BE00174358 /* SwiftLint */ = {
			isa = PBXShellScriptBuildPhase;
			buildActionMask = 2147483647;
			files = (
			);
			inputFileListPaths = (
			);
			inputPaths = (
			);
			name = SwiftLint;
			outputFileListPaths = (
			);
			outputPaths = (
			);
			runOnlyForDeploymentPostprocessing = 0;
			shellPath = /bin/sh;
			shellScript = "# Type a script or drag a script file from your workspace to insert its path.\nif test -d \"/opt/homebrew/bin/\"; then\n  PATH=\"/opt/homebrew/bin/:${PATH}\"\nfi\n\nexport PATH\n\nif which swiftlint >/dev/null; then\n  swiftlint\nelse\n  echo \"warning: SwiftLint not installed, download from https://github.com/realm/SwiftLint\"\nfi\n";
		};
/* End PBXShellScriptBuildPhase section */

/* Begin PBXSourcesBuildPhase section */
		2F173C102570111B00E904D4 /* Sources */ = {
			isa = PBXSourcesBuildPhase;
			buildActionMask = 2147483647;
			files = (
				2F631EE2276ABB5F0070D655 /* CountdownWithLocalTime.swift in Sources */,
				2F70075A25ABFA290084AE54 /* UserState.swift in Sources */,
				2FEBDACA273CA6AA00DFB689 /* Model.xcdatamodeld in Sources */,
				2F2490302574207A00830D26 /* NerveSection.swift in Sources */,
				2FEBB3042769A9F90000C117 /* HomeView.swift in Sources */,
				2F24901F257334A300830D26 /* IndicatorRow.swift in Sources */,
				2F24902925735D2800830D26 /* TravelControls.swift in Sources */,
				2FF1CD6725ABC2BB00B2A80E /* Flight.swift in Sources */,
				2FEBB30A2769AA270000C117 /* TravelView.swift in Sources */,
				2F631EFA276C50010070D655 /* Daily-CoreDataHelpers.swift in Sources */,
				2F66C786276D70EA00C236E4 /* PeriodicTaskRowView.swift in Sources */,
				2F631EEA276AD8EE0070D655 /* BigSectionBarView.swift in Sources */,
				2F173C222570111C00E904D4 /* DashboardView.swift in Sources */,
				2F35113B257429E4002B96ED /* NerveControls.swift in Sources */,
				2F24901A25731B9600830D26 /* SyncFooter.swift in Sources */,
				2FEBB3072769AA1B0000C117 /* ContentView.swift in Sources */,
				2F70075525ABE8DC0084AE54 /* Activity.swift in Sources */,
				2F631EF7276C2E9C0070D655 /* Calendar-Extension.swift in Sources */,
				2F631F00276C566F0070D655 /* DataController-Extension.swift in Sources */,
				2F2490042571EF9F00830D26 /* ApiPromptPage.swift in Sources */,
				2FD3021A2767E43C00A5D111 /* DailiesView.swift in Sources */,
				2F631EFD276C542E0070D655 /* Sequence-Sorting.swift in Sources */,
				2F7F0B4225BC047A00C5CD0A /* Stats.swift in Sources */,
				2F24900B2572CE5400830D26 /* EnergySection.swift in Sources */,
				2F7E88ED25B94B420010BD60 /* ApiManager.swift in Sources */,
				2F333D8F2570A40200D356F2 /* TravelSection.swift in Sources */,
				2FEBB30D2769B1820000C117 /* NotificationRow.swift in Sources */,
				2F2490102572F5FC00830D26 /* EnergyControls.swift in Sources */,
				2F42103B25C7C1DA00086CE2 /* TravelResult.swift in Sources */,
				2F42103625C7C19400086CE2 /* BarResult.swift in Sources */,
				2F173C202570111C00E904D4 /* TornAsstApp.swift in Sources */,
				2F631EEE276B01070070D655 /* Date-Extension.swift in Sources */,
				2F631EE5276AC6140070D655 /* DataController.swift in Sources */,
				2F631EF1276B090E0070D655 /* DateFormatter-Extension.swift in Sources */,
				2F631EF4276C29640070D655 /* DatedResetItem-CoreDataHelpers.swift in Sources */,
				2F5346C025AC181E00A02345 /* Ticking.swift in Sources */,
				2F24901525731B2E00830D26 /* IndicatorBar.swift in Sources */,
				2FF1CD6C25ABC33E00B2A80E /* Location.swift in Sources */,
				2F2490242573369A00830D26 /* BasicsSection.swift in Sources */,
				2FEBB310276AA6230000C117 /* PeriodicTaskToggleView.swift in Sources */,
			);
			runOnlyForDeploymentPostprocessing = 0;
		};
		2F173C182570111C00E904D4 /* Sources */ = {
			isa = PBXSourcesBuildPhase;
			buildActionMask = 2147483647;
			files = (
				2F631EF2276B090E0070D655 /* DateFormatter-Extension.swift in Sources */,
				2FEBB311276AA6230000C117 /* PeriodicTaskToggleView.swift in Sources */,
				2F631EEB276AD8EE0070D655 /* BigSectionBarView.swift in Sources */,
				2F631EE3276ABB5F0070D655 /* CountdownWithLocalTime.swift in Sources */,
				2F70075B25ABFA290084AE54 /* UserState.swift in Sources */,
				2FEBB3082769AA1B0000C117 /* ContentView.swift in Sources */,
				2F2490312574207A00830D26 /* NerveSection.swift in Sources */,
				2F249020257334A300830D26 /* IndicatorRow.swift in Sources */,
				2F24902A25735D2800830D26 /* TravelControls.swift in Sources */,
				2F631EF8276C2E9C0070D655 /* Calendar-Extension.swift in Sources */,
				2F66C787276D70EA00C236E4 /* PeriodicTaskRowView.swift in Sources */,
				2FF1CD6825ABC2BB00B2A80E /* Flight.swift in Sources */,
				2F173C232570111C00E904D4 /* DashboardView.swift in Sources */,
				2F35113C257429E4002B96ED /* NerveControls.swift in Sources */,
				2F631EF5276C29640070D655 /* DatedResetItem-CoreDataHelpers.swift in Sources */,
				2F24901B25731B9600830D26 /* SyncFooter.swift in Sources */,
				2F70075625ABE8DC0084AE54 /* Activity.swift in Sources */,
				2F2490052571EF9F00830D26 /* ApiPromptPage.swift in Sources */,
				2F7F0B4325BC047A00C5CD0A /* Stats.swift in Sources */,
				2FEBB30B2769AA270000C117 /* TravelView.swift in Sources */,
				2F24900C2572CE5400830D26 /* EnergySection.swift in Sources */,
				2F7E88EE25B94B420010BD60 /* ApiManager.swift in Sources */,
				2F333D902570A40200D356F2 /* TravelSection.swift in Sources */,
				2F2490112572F5FC00830D26 /* EnergyControls.swift in Sources */,
				2F42103C25C7C1DA00086CE2 /* TravelResult.swift in Sources */,
				2F631EFB276C50010070D655 /* Daily-CoreDataHelpers.swift in Sources */,
				2F631F01276C566F0070D655 /* DataController-Extension.swift in Sources */,
				2F42103725C7C19400086CE2 /* BarResult.swift in Sources */,
				2F173C212570111C00E904D4 /* TornAsstApp.swift in Sources */,
				2F631EFE276C542E0070D655 /* Sequence-Sorting.swift in Sources */,
				2F631EEF276B01070070D655 /* Date-Extension.swift in Sources */,
				2F5346C125AC181E00A02345 /* Ticking.swift in Sources */,
				2FEBB30E2769B1820000C117 /* NotificationRow.swift in Sources */,
				2FD3021B2767E43C00A5D111 /* DailiesView.swift in Sources */,
				2F631EE6276AC6140070D655 /* DataController.swift in Sources */,
				2F24901625731B2E00830D26 /* IndicatorBar.swift in Sources */,
				2FEBB3052769A9F90000C117 /* HomeView.swift in Sources */,
				2FF1CD6D25ABC33E00B2A80E /* Location.swift in Sources */,
				2F2490252573369A00830D26 /* BasicsSection.swift in Sources */,
			);
			runOnlyForDeploymentPostprocessing = 0;
		};
/* End PBXSourcesBuildPhase section */

/* Begin XCBuildConfiguration section */
		2F173C262570111C00E904D4 /* Debug */ = {
			isa = XCBuildConfiguration;
			buildSettings = {
				ALWAYS_SEARCH_USER_PATHS = NO;
				CLANG_ANALYZER_NONNULL = YES;
				CLANG_ANALYZER_NUMBER_OBJECT_CONVERSION = YES_AGGRESSIVE;
				CLANG_CXX_LANGUAGE_STANDARD = "gnu++14";
				CLANG_CXX_LIBRARY = "libc++";
				CLANG_ENABLE_MODULES = YES;
				CLANG_ENABLE_OBJC_ARC = YES;
				CLANG_ENABLE_OBJC_WEAK = YES;
				CLANG_WARN_BLOCK_CAPTURE_AUTORELEASING = YES;
				CLANG_WARN_BOOL_CONVERSION = YES;
				CLANG_WARN_COMMA = YES;
				CLANG_WARN_CONSTANT_CONVERSION = YES;
				CLANG_WARN_DEPRECATED_OBJC_IMPLEMENTATIONS = YES;
				CLANG_WARN_DIRECT_OBJC_ISA_USAGE = YES_ERROR;
				CLANG_WARN_DOCUMENTATION_COMMENTS = YES;
				CLANG_WARN_EMPTY_BODY = YES;
				CLANG_WARN_ENUM_CONVERSION = YES;
				CLANG_WARN_INFINITE_RECURSION = YES;
				CLANG_WARN_INT_CONVERSION = YES;
				CLANG_WARN_NON_LITERAL_NULL_CONVERSION = YES;
				CLANG_WARN_OBJC_IMPLICIT_RETAIN_SELF = YES;
				CLANG_WARN_OBJC_LITERAL_CONVERSION = YES;
				CLANG_WARN_OBJC_ROOT_CLASS = YES_ERROR;
				CLANG_WARN_QUOTED_INCLUDE_IN_FRAMEWORK_HEADER = YES;
				CLANG_WARN_RANGE_LOOP_ANALYSIS = YES;
				CLANG_WARN_STRICT_PROTOTYPES = YES;
				CLANG_WARN_SUSPICIOUS_MOVE = YES;
				CLANG_WARN_UNGUARDED_AVAILABILITY = YES_AGGRESSIVE;
				CLANG_WARN_UNREACHABLE_CODE = YES;
				CLANG_WARN__DUPLICATE_METHOD_MATCH = YES;
				COPY_PHASE_STRIP = NO;
				DEBUG_INFORMATION_FORMAT = dwarf;
				ENABLE_STRICT_OBJC_MSGSEND = YES;
				ENABLE_TESTABILITY = YES;
				GCC_C_LANGUAGE_STANDARD = gnu11;
				GCC_DYNAMIC_NO_PIC = NO;
				GCC_NO_COMMON_BLOCKS = YES;
				GCC_OPTIMIZATION_LEVEL = 0;
				GCC_PREPROCESSOR_DEFINITIONS = (
					"DEBUG=1",
					"$(inherited)",
				);
				GCC_WARN_64_TO_32_BIT_CONVERSION = YES;
				GCC_WARN_ABOUT_RETURN_TYPE = YES_ERROR;
				GCC_WARN_UNDECLARED_SELECTOR = YES;
				GCC_WARN_UNINITIALIZED_AUTOS = YES_AGGRESSIVE;
				GCC_WARN_UNUSED_FUNCTION = YES;
				GCC_WARN_UNUSED_VARIABLE = YES;
				MTL_ENABLE_DEBUG_INFO = INCLUDE_SOURCE;
				MTL_FAST_MATH = YES;
				ONLY_ACTIVE_ARCH = YES;
				SWIFT_ACTIVE_COMPILATION_CONDITIONS = DEBUG;
				SWIFT_OPTIMIZATION_LEVEL = "-Onone";
			};
			name = Debug;
		};
		2F173C272570111C00E904D4 /* Release */ = {
			isa = XCBuildConfiguration;
			buildSettings = {
				ALWAYS_SEARCH_USER_PATHS = NO;
				CLANG_ANALYZER_NONNULL = YES;
				CLANG_ANALYZER_NUMBER_OBJECT_CONVERSION = YES_AGGRESSIVE;
				CLANG_CXX_LANGUAGE_STANDARD = "gnu++14";
				CLANG_CXX_LIBRARY = "libc++";
				CLANG_ENABLE_MODULES = YES;
				CLANG_ENABLE_OBJC_ARC = YES;
				CLANG_ENABLE_OBJC_WEAK = YES;
				CLANG_WARN_BLOCK_CAPTURE_AUTORELEASING = YES;
				CLANG_WARN_BOOL_CONVERSION = YES;
				CLANG_WARN_COMMA = YES;
				CLANG_WARN_CONSTANT_CONVERSION = YES;
				CLANG_WARN_DEPRECATED_OBJC_IMPLEMENTATIONS = YES;
				CLANG_WARN_DIRECT_OBJC_ISA_USAGE = YES_ERROR;
				CLANG_WARN_DOCUMENTATION_COMMENTS = YES;
				CLANG_WARN_EMPTY_BODY = YES;
				CLANG_WARN_ENUM_CONVERSION = YES;
				CLANG_WARN_INFINITE_RECURSION = YES;
				CLANG_WARN_INT_CONVERSION = YES;
				CLANG_WARN_NON_LITERAL_NULL_CONVERSION = YES;
				CLANG_WARN_OBJC_IMPLICIT_RETAIN_SELF = YES;
				CLANG_WARN_OBJC_LITERAL_CONVERSION = YES;
				CLANG_WARN_OBJC_ROOT_CLASS = YES_ERROR;
				CLANG_WARN_QUOTED_INCLUDE_IN_FRAMEWORK_HEADER = YES;
				CLANG_WARN_RANGE_LOOP_ANALYSIS = YES;
				CLANG_WARN_STRICT_PROTOTYPES = YES;
				CLANG_WARN_SUSPICIOUS_MOVE = YES;
				CLANG_WARN_UNGUARDED_AVAILABILITY = YES_AGGRESSIVE;
				CLANG_WARN_UNREACHABLE_CODE = YES;
				CLANG_WARN__DUPLICATE_METHOD_MATCH = YES;
				COPY_PHASE_STRIP = NO;
				DEBUG_INFORMATION_FORMAT = "dwarf-with-dsym";
				ENABLE_NS_ASSERTIONS = NO;
				ENABLE_STRICT_OBJC_MSGSEND = YES;
				GCC_C_LANGUAGE_STANDARD = gnu11;
				GCC_NO_COMMON_BLOCKS = YES;
				GCC_WARN_64_TO_32_BIT_CONVERSION = YES;
				GCC_WARN_ABOUT_RETURN_TYPE = YES_ERROR;
				GCC_WARN_UNDECLARED_SELECTOR = YES;
				GCC_WARN_UNINITIALIZED_AUTOS = YES_AGGRESSIVE;
				GCC_WARN_UNUSED_FUNCTION = YES;
				GCC_WARN_UNUSED_VARIABLE = YES;
				MTL_ENABLE_DEBUG_INFO = NO;
				MTL_FAST_MATH = YES;
				SWIFT_COMPILATION_MODE = wholemodule;
				SWIFT_OPTIMIZATION_LEVEL = "-O";
			};
			name = Release;
		};
		2F173C292570111C00E904D4 /* Debug */ = {
			isa = XCBuildConfiguration;
			buildSettings = {
				ASSETCATALOG_COMPILER_APPICON_NAME = AppIcon;
				ASSETCATALOG_COMPILER_GLOBAL_ACCENT_COLOR_NAME = AccentColor;
				CODE_SIGN_IDENTITY = "Apple Development";
				CODE_SIGN_STYLE = Automatic;
				DEVELOPMENT_TEAM = CX9A4TZM67;
				ENABLE_PREVIEWS = YES;
				INFOPLIST_FILE = iOS/Info.plist;
				IPHONEOS_DEPLOYMENT_TARGET = 15.2;
				LD_RUNPATH_SEARCH_PATHS = (
					"$(inherited)",
					"@executable_path/Frameworks",
				);
				PRODUCT_BUNDLE_IDENTIFIER = com.bryancostanza.TornAsst;
				PRODUCT_NAME = TornAsst;
				PROVISIONING_PROFILE_SPECIFIER = "";
				SDKROOT = iphoneos;
				SWIFT_VERSION = 5.0;
				TARGETED_DEVICE_FAMILY = "1,2";
			};
			name = Debug;
		};
		2F173C2A2570111C00E904D4 /* Release */ = {
			isa = XCBuildConfiguration;
			buildSettings = {
				ASSETCATALOG_COMPILER_APPICON_NAME = AppIcon;
				ASSETCATALOG_COMPILER_GLOBAL_ACCENT_COLOR_NAME = AccentColor;
				CODE_SIGN_IDENTITY = "Apple Development";
				CODE_SIGN_STYLE = Automatic;
				DEVELOPMENT_TEAM = CX9A4TZM67;
				ENABLE_PREVIEWS = YES;
				INFOPLIST_FILE = iOS/Info.plist;
				IPHONEOS_DEPLOYMENT_TARGET = 15.2;
				LD_RUNPATH_SEARCH_PATHS = (
					"$(inherited)",
					"@executable_path/Frameworks",
				);
				PRODUCT_BUNDLE_IDENTIFIER = com.bryancostanza.TornAsst;
				PRODUCT_NAME = TornAsst;
				PROVISIONING_PROFILE_SPECIFIER = "";
				SDKROOT = iphoneos;
				SWIFT_VERSION = 5.0;
				TARGETED_DEVICE_FAMILY = "1,2";
				VALIDATE_PRODUCT = YES;
			};
			name = Release;
		};
		2F173C2C2570111C00E904D4 /* Debug */ = {
			isa = XCBuildConfiguration;
			buildSettings = {
				ASSETCATALOG_COMPILER_APPICON_NAME = AppIcon;
				ASSETCATALOG_COMPILER_GLOBAL_ACCENT_COLOR_NAME = AccentColor;
				CODE_SIGN_ENTITLEMENTS = macOS/macOS.entitlements;
				CODE_SIGN_IDENTITY = "Apple Development";
				CODE_SIGN_STYLE = Automatic;
				COMBINE_HIDPI_IMAGES = YES;
				DEVELOPMENT_TEAM = CX9A4TZM67;
				ENABLE_HARDENED_RUNTIME = YES;
				ENABLE_PREVIEWS = YES;
				INFOPLIST_FILE = macOS/Info.plist;
				LD_RUNPATH_SEARCH_PATHS = (
					"$(inherited)",
					"@executable_path/../Frameworks",
				);
				MACOSX_DEPLOYMENT_TARGET = 11.0;
				PRODUCT_BUNDLE_IDENTIFIER = com.bryancostanza.TornAsst;
				PRODUCT_NAME = TornAsst;
				PROVISIONING_PROFILE_SPECIFIER = "";
				SDKROOT = macosx;
				SWIFT_VERSION = 5.0;
			};
			name = Debug;
		};
		2F173C2D2570111C00E904D4 /* Release */ = {
			isa = XCBuildConfiguration;
			buildSettings = {
				ASSETCATALOG_COMPILER_APPICON_NAME = AppIcon;
				ASSETCATALOG_COMPILER_GLOBAL_ACCENT_COLOR_NAME = AccentColor;
				CODE_SIGN_ENTITLEMENTS = macOS/macOS.entitlements;
				CODE_SIGN_IDENTITY = "Apple Development";
				CODE_SIGN_STYLE = Automatic;
				COMBINE_HIDPI_IMAGES = YES;
				DEVELOPMENT_TEAM = CX9A4TZM67;
				ENABLE_HARDENED_RUNTIME = YES;
				ENABLE_PREVIEWS = YES;
				INFOPLIST_FILE = macOS/Info.plist;
				LD_RUNPATH_SEARCH_PATHS = (
					"$(inherited)",
					"@executable_path/../Frameworks",
				);
				MACOSX_DEPLOYMENT_TARGET = 11.0;
				PRODUCT_BUNDLE_IDENTIFIER = com.bryancostanza.TornAsst;
				PRODUCT_NAME = TornAsst;
				PROVISIONING_PROFILE_SPECIFIER = "";
				SDKROOT = macosx;
				SWIFT_VERSION = 5.0;
			};
			name = Release;
		};
/* End XCBuildConfiguration section */

/* Begin XCConfigurationList section */
		2F173C0B2570111600E904D4 /* Build configuration list for PBXProject "TornAsst" */ = {
			isa = XCConfigurationList;
			buildConfigurations = (
				2F173C262570111C00E904D4 /* Debug */,
				2F173C272570111C00E904D4 /* Release */,
			);
			defaultConfigurationIsVisible = 0;
			defaultConfigurationName = Release;
		};
		2F173C282570111C00E904D4 /* Build configuration list for PBXNativeTarget "TornAsst (iOS)" */ = {
			isa = XCConfigurationList;
			buildConfigurations = (
				2F173C292570111C00E904D4 /* Debug */,
				2F173C2A2570111C00E904D4 /* Release */,
			);
			defaultConfigurationIsVisible = 0;
			defaultConfigurationName = Release;
		};
		2F173C2B2570111C00E904D4 /* Build configuration list for PBXNativeTarget "TornAsst (macOS)" */ = {
			isa = XCConfigurationList;
			buildConfigurations = (
				2F173C2C2570111C00E904D4 /* Debug */,
				2F173C2D2570111C00E904D4 /* Release */,
			);
			defaultConfigurationIsVisible = 0;
			defaultConfigurationName = Release;
		};
/* End XCConfigurationList section */

/* Begin XCVersionGroup section */
		2FEBDAC8273CA6AA00DFB689 /* Model.xcdatamodeld */ = {
			isa = XCVersionGroup;
			children = (
				2FEBDAC9273CA6AA00DFB689 /* Model.xcdatamodel */,
			);
			currentVersion = 2FEBDAC9273CA6AA00DFB689 /* Model.xcdatamodel */;
			path = Model.xcdatamodeld;
			sourceTree = "<group>";
			versionGroupType = wrapper.xcdatamodel;
		};
/* End XCVersionGroup section */
	};
	rootObject = 2F173C082570111600E904D4 /* Project object */;
}
